// !$*UTF8*$!
{
	archiveVersion = 1;
	classes = {
	};
	objectVersion = 51;
	objects = {

/* Begin PBXBuildFile section */
		092AE39DC412C14B53A4F1F8 /* Pods_WSBoyChatTests.framework in Frameworks */ = {isa = PBXBuildFile; fileRef = E7A8E881C3B2829D689716B1 /* Pods_WSBoyChatTests.framework */; };
		BA31153624E5B6710012C6A2 /* WSBChatViewController.swift in Sources */ = {isa = PBXBuildFile; fileRef = BA31153524E5B6700012C6A2 /* WSBChatViewController.swift */; };
		BA31154024E5B8140012C6A2 /* WSBChatMessageCell.swift in Sources */ = {isa = PBXBuildFile; fileRef = BA31153C24E5B8140012C6A2 /* WSBChatMessageCell.swift */; };
		BA3115BB24E5B8730012C6A2 /* [72].gif in Resources */ = {isa = PBXBuildFile; fileRef = BA31154524E5B8730012C6A2 /* [72].gif */; };
		BA3115BC24E5B8730012C6A2 /* [64].gif in Resources */ = {isa = PBXBuildFile; fileRef = BA31154624E5B8730012C6A2 /* [64].gif */; };
		BA3115BD24E5B8730012C6A2 /* [68].gif in Resources */ = {isa = PBXBuildFile; fileRef = BA31154724E5B8730012C6A2 /* [68].gif */; };
		BA3115BE24E5B8730012C6A2 /* [69].gif in Resources */ = {isa = PBXBuildFile; fileRef = BA31154824E5B8730012C6A2 /* [69].gif */; };
		BA3115BF24E5B8730012C6A2 /* [65].gif in Resources */ = {isa = PBXBuildFile; fileRef = BA31154924E5B8730012C6A2 /* [65].gif */; };
		BA3115C024E5B8730012C6A2 /* [62].gif in Resources */ = {isa = PBXBuildFile; fileRef = BA31154A24E5B8730012C6A2 /* [62].gif */; };
		BA3115C124E5B8730012C6A2 /* [63].gif in Resources */ = {isa = PBXBuildFile; fileRef = BA31154B24E5B8730012C6A2 /* [63].gif */; };
		BA3115C224E5B8730012C6A2 /* [61].gif in Resources */ = {isa = PBXBuildFile; fileRef = BA31154C24E5B8730012C6A2 /* [61].gif */; };
		BA3115C324E5B8730012C6A2 /* [66].gif in Resources */ = {isa = PBXBuildFile; fileRef = BA31154D24E5B8730012C6A2 /* [66].gif */; };
		BA3115C424E5B8730012C6A2 /* [70].gif in Resources */ = {isa = PBXBuildFile; fileRef = BA31154E24E5B8730012C6A2 /* [70].gif */; };
		BA3115C524E5B8730012C6A2 /* [71].gif in Resources */ = {isa = PBXBuildFile; fileRef = BA31154F24E5B8730012C6A2 /* [71].gif */; };
		BA3115C624E5B8730012C6A2 /* [67].gif in Resources */ = {isa = PBXBuildFile; fileRef = BA31155024E5B8730012C6A2 /* [67].gif */; };
		BA3115C724E5B8730012C6A2 /* LiuqsEmotionTags.plist in Resources */ = {isa = PBXBuildFile; fileRef = BA31155124E5B8730012C6A2 /* LiuqsEmotionTags.plist */; };
		BA3115C824E5B8730012C6A2 /* [56].png in Resources */ = {isa = PBXBuildFile; fileRef = BA31155324E5B8730012C6A2 /* [56].png */; };
		BA3115C924E5B8730012C6A2 /* [17].png in Resources */ = {isa = PBXBuildFile; fileRef = BA31155424E5B8730012C6A2 /* [17].png */; };
		BA3115CA24E5B8730012C6A2 /* [40].png in Resources */ = {isa = PBXBuildFile; fileRef = BA31155524E5B8730012C6A2 /* [40].png */; };
		BA3115CB24E5B8730012C6A2 /* [37].png in Resources */ = {isa = PBXBuildFile; fileRef = BA31155624E5B8730012C6A2 /* [37].png */; };
		BA3115CC24E5B8730012C6A2 /* [60].png in Resources */ = {isa = PBXBuildFile; fileRef = BA31155724E5B8730012C6A2 /* [60].png */; };
		BA3115CD24E5B8730012C6A2 /* [76].png in Resources */ = {isa = PBXBuildFile; fileRef = BA31155824E5B8730012C6A2 /* [76].png */; };
		BA3115CE24E5B8730012C6A2 /* [21].png in Resources */ = {isa = PBXBuildFile; fileRef = BA31155924E5B8730012C6A2 /* [21].png */; };
		BA3115CF24E5B8730012C6A2 /* [20].png in Resources */ = {isa = PBXBuildFile; fileRef = BA31155A24E5B8730012C6A2 /* [20].png */; };
		BA3115D024E5B8730012C6A2 /* [77].png in Resources */ = {isa = PBXBuildFile; fileRef = BA31155B24E5B8730012C6A2 /* [77].png */; };
		BA3115D124E5B8730012C6A2 /* [61].png in Resources */ = {isa = PBXBuildFile; fileRef = BA31155C24E5B8730012C6A2 /* [61].png */; };
		BA3115D224E5B8730012C6A2 /* [1].png in Resources */ = {isa = PBXBuildFile; fileRef = BA31155D24E5B8730012C6A2 /* [1].png */; };
		BA3115D324E5B8730012C6A2 /* [36].png in Resources */ = {isa = PBXBuildFile; fileRef = BA31155E24E5B8730012C6A2 /* [36].png */; };
		BA3115D424E5B8730012C6A2 /* [41].png in Resources */ = {isa = PBXBuildFile; fileRef = BA31156024E5B8730012C6A2 /* [41].png */; };
		BA3115D524E5B8730012C6A2 /* [16].png in Resources */ = {isa = PBXBuildFile; fileRef = BA31156124E5B8730012C6A2 /* [16].png */; };
		BA3115D624E5B8730012C6A2 /* [57].png in Resources */ = {isa = PBXBuildFile; fileRef = BA31156224E5B8730012C6A2 /* [57].png */; };
		BA3115D724E5B8730012C6A2 /* [31].png in Resources */ = {isa = PBXBuildFile; fileRef = BA31156324E5B8730012C6A2 /* [31].png */; };
		BA3115D824E5B8730012C6A2 /* [6].png in Resources */ = {isa = PBXBuildFile; fileRef = BA31156424E5B8730012C6A2 /* [6].png */; };
		BA3115D924E5B8730012C6A2 /* [66].png in Resources */ = {isa = PBXBuildFile; fileRef = BA31156524E5B8730012C6A2 /* [66].png */; };
		BA3115DA24E5B8730012C6A2 /* [70].png in Resources */ = {isa = PBXBuildFile; fileRef = BA31156624E5B8730012C6A2 /* [70].png */; };
		BA3115DB24E5B8730012C6A2 /* [27].png in Resources */ = {isa = PBXBuildFile; fileRef = BA31156724E5B8730012C6A2 /* [27].png */; };
		BA3115DC24E5B8730012C6A2 /* [50].png in Resources */ = {isa = PBXBuildFile; fileRef = BA31156824E5B8730012C6A2 /* [50].png */; };
		BA3115DD24E5B8730012C6A2 /* [11].png in Resources */ = {isa = PBXBuildFile; fileRef = BA31156924E5B8730012C6A2 /* [11].png */; };
		BA3115DE24E5B8730012C6A2 /* [46].png in Resources */ = {isa = PBXBuildFile; fileRef = BA31156A24E5B8730012C6A2 /* [46].png */; };
		BA3115DF24E5B8730012C6A2 /* [47].png in Resources */ = {isa = PBXBuildFile; fileRef = BA31156B24E5B8730012C6A2 /* [47].png */; };
		BA3115E024E5B8730012C6A2 /* [10].png in Resources */ = {isa = PBXBuildFile; fileRef = BA31156C24E5B8730012C6A2 /* [10].png */; };
		BA3115E124E5B8730012C6A2 /* [51].png in Resources */ = {isa = PBXBuildFile; fileRef = BA31156D24E5B8730012C6A2 /* [51].png */; };
		BA3115E224E5B8730012C6A2 /* [26].png in Resources */ = {isa = PBXBuildFile; fileRef = BA31156E24E5B8730012C6A2 /* [26].png */; };
		BA3115E324E5B8730012C6A2 /* [71].png in Resources */ = {isa = PBXBuildFile; fileRef = BA31156F24E5B8730012C6A2 /* [71].png */; };
		BA3115E424E5B8730012C6A2 /* [67].png in Resources */ = {isa = PBXBuildFile; fileRef = BA31157024E5B8730012C6A2 /* [67].png */; };
		BA3115E524E5B8730012C6A2 /* [7].png in Resources */ = {isa = PBXBuildFile; fileRef = BA31157124E5B8730012C6A2 /* [7].png */; };
		BA3115E624E5B8730012C6A2 /* [30].png in Resources */ = {isa = PBXBuildFile; fileRef = BA31157224E5B8730012C6A2 /* [30].png */; };
		BA3115E724E5B8730012C6A2 /* [25].png in Resources */ = {isa = PBXBuildFile; fileRef = BA31157324E5B8730012C6A2 /* [25].png */; };
		BA3115E824E5B8730012C6A2 /* [72].png in Resources */ = {isa = PBXBuildFile; fileRef = BA31157424E5B8730012C6A2 /* [72].png */; };
		BA3115E924E5B8730012C6A2 /* [64].png in Resources */ = {isa = PBXBuildFile; fileRef = BA31157524E5B8730012C6A2 /* [64].png */; };
		BA3115EA24E5B8730012C6A2 /* [4].png in Resources */ = {isa = PBXBuildFile; fileRef = BA31157624E5B8730012C6A2 /* [4].png */; };
		BA3115EB24E5B8730012C6A2 /* [33].png in Resources */ = {isa = PBXBuildFile; fileRef = BA31157724E5B8730012C6A2 /* [33].png */; };
		BA3115EC24E5B8730012C6A2 /* [48].png in Resources */ = {isa = PBXBuildFile; fileRef = BA31157824E5B8730012C6A2 /* [48].png */; };
		BA3115ED24E5B8730012C6A2 /* [29].png in Resources */ = {isa = PBXBuildFile; fileRef = BA31157924E5B8730012C6A2 /* [29].png */; };
		BA3115EE24E5B8730012C6A2 /* [68].png in Resources */ = {isa = PBXBuildFile; fileRef = BA31157A24E5B8730012C6A2 /* [68].png */; };
		BA3115EF24E5B8730012C6A2 /* [8].png in Resources */ = {isa = PBXBuildFile; fileRef = BA31157B24E5B8730012C6A2 /* [8].png */; };
		BA3115F024E5B8730012C6A2 /* [44].png in Resources */ = {isa = PBXBuildFile; fileRef = BA31157C24E5B8730012C6A2 /* [44].png */; };
		BA3115F124E5B8730012C6A2 /* [13].png in Resources */ = {isa = PBXBuildFile; fileRef = BA31157D24E5B8730012C6A2 /* [13].png */; };
		BA3115F224E5B8730012C6A2 /* [52].png in Resources */ = {isa = PBXBuildFile; fileRef = BA31157E24E5B8730012C6A2 /* [52].png */; };
		BA3115F324E5B8730012C6A2 /* [53].png in Resources */ = {isa = PBXBuildFile; fileRef = BA31157F24E5B8730012C6A2 /* [53].png */; };
		BA3115F424E5B8730012C6A2 /* [12].png in Resources */ = {isa = PBXBuildFile; fileRef = BA31158024E5B8730012C6A2 /* [12].png */; };
		BA3115F524E5B8730012C6A2 /* [45].png in Resources */ = {isa = PBXBuildFile; fileRef = BA31158124E5B8730012C6A2 /* [45].png */; };
		BA3115F624E5B8730012C6A2 /* [9].png in Resources */ = {isa = PBXBuildFile; fileRef = BA31158224E5B8730012C6A2 /* [9].png */; };
		BA3115F724E5B8730012C6A2 /* [69].png in Resources */ = {isa = PBXBuildFile; fileRef = BA31158324E5B8730012C6A2 /* [69].png */; };
		BA3115F824E5B8730012C6A2 /* [28].png in Resources */ = {isa = PBXBuildFile; fileRef = BA31158424E5B8730012C6A2 /* [28].png */; };
		BA3115F924E5B8730012C6A2 /* LiuqsTextAttachment.m in Sources */ = {isa = PBXBuildFile; fileRef = BA31158524E5B8730012C6A2 /* LiuqsTextAttachment.m */; };
		BA3115FA24E5B8730012C6A2 /* [49].png in Resources */ = {isa = PBXBuildFile; fileRef = BA31158624E5B8730012C6A2 /* [49].png */; };
		BA3115FB24E5B8730012C6A2 /* [32].png in Resources */ = {isa = PBXBuildFile; fileRef = BA31158724E5B8730012C6A2 /* [32].png */; };
		BA3115FC24E5B8730012C6A2 /* [5].png in Resources */ = {isa = PBXBuildFile; fileRef = BA31158824E5B8730012C6A2 /* [5].png */; };
		BA3115FD24E5B8730012C6A2 /* [65].png in Resources */ = {isa = PBXBuildFile; fileRef = BA31158924E5B8730012C6A2 /* [65].png */; };
		BA3115FE24E5B8730012C6A2 /* [73].png in Resources */ = {isa = PBXBuildFile; fileRef = BA31158A24E5B8730012C6A2 /* [73].png */; };
		BA3115FF24E5B8730012C6A2 /* [24].png in Resources */ = {isa = PBXBuildFile; fileRef = BA31158B24E5B8730012C6A2 /* [24].png */; };
		BA31160024E5B8730012C6A2 /* [39].png in Resources */ = {isa = PBXBuildFile; fileRef = BA31158C24E5B8730012C6A2 /* [39].png */; };
		BA31160124E5B8730012C6A2 /* [42].png in Resources */ = {isa = PBXBuildFile; fileRef = BA31158D24E5B8730012C6A2 /* [42].png */; };
		BA31160224E5B8730012C6A2 /* [15].png in Resources */ = {isa = PBXBuildFile; fileRef = BA31158E24E5B8730012C6A2 /* [15].png */; };
		BA31160324E5B8730012C6A2 /* [54].png in Resources */ = {isa = PBXBuildFile; fileRef = BA31158F24E5B8730012C6A2 /* [54].png */; };
		BA31160424E5B8730012C6A2 /* [23].png in Resources */ = {isa = PBXBuildFile; fileRef = BA31159024E5B8730012C6A2 /* [23].png */; };
		BA31160524E5B8730012C6A2 /* [74].png in Resources */ = {isa = PBXBuildFile; fileRef = BA31159124E5B8730012C6A2 /* [74].png */; };
		BA31160624E5B8730012C6A2 /* [62].png in Resources */ = {isa = PBXBuildFile; fileRef = BA31159224E5B8730012C6A2 /* [62].png */; };
		BA31160724E5B8730012C6A2 /* [2].png in Resources */ = {isa = PBXBuildFile; fileRef = BA31159324E5B8730012C6A2 /* [2].png */; };
		BA31160824E5B8730012C6A2 /* [35].png in Resources */ = {isa = PBXBuildFile; fileRef = BA31159424E5B8730012C6A2 /* [35].png */; };
		BA31160924E5B8730012C6A2 /* [19].png in Resources */ = {isa = PBXBuildFile; fileRef = BA31159524E5B8730012C6A2 /* [19].png */; };
		BA31160A24E5B8730012C6A2 /* [58].png in Resources */ = {isa = PBXBuildFile; fileRef = BA31159624E5B8730012C6A2 /* [58].png */; };
		BA31160B24E5B8730012C6A2 /* [59].png in Resources */ = {isa = PBXBuildFile; fileRef = BA31159724E5B8730012C6A2 /* [59].png */; };
		BA31160C24E5B8730012C6A2 /* [18].png in Resources */ = {isa = PBXBuildFile; fileRef = BA31159824E5B8730012C6A2 /* [18].png */; };
		BA31160D24E5B8730012C6A2 /* [34].png in Resources */ = {isa = PBXBuildFile; fileRef = BA31159924E5B8730012C6A2 /* [34].png */; };
		BA31160E24E5B8730012C6A2 /* [3].png in Resources */ = {isa = PBXBuildFile; fileRef = BA31159A24E5B8730012C6A2 /* [3].png */; };
		BA31160F24E5B8730012C6A2 /* [63].png in Resources */ = {isa = PBXBuildFile; fileRef = BA31159B24E5B8730012C6A2 /* [63].png */; };
		BA31161024E5B8730012C6A2 /* [75].png in Resources */ = {isa = PBXBuildFile; fileRef = BA31159C24E5B8730012C6A2 /* [75].png */; };
		BA31161124E5B8730012C6A2 /* [22].png in Resources */ = {isa = PBXBuildFile; fileRef = BA31159D24E5B8730012C6A2 /* [22].png */; };
		BA31161224E5B8730012C6A2 /* [55].png in Resources */ = {isa = PBXBuildFile; fileRef = BA31159E24E5B8730012C6A2 /* [55].png */; };
		BA31161324E5B8730012C6A2 /* [14].png in Resources */ = {isa = PBXBuildFile; fileRef = BA31159F24E5B8730012C6A2 /* [14].png */; };
		BA31161424E5B8730012C6A2 /* [43].png in Resources */ = {isa = PBXBuildFile; fileRef = BA3115A024E5B8730012C6A2 /* [43].png */; };
		BA31161524E5B8730012C6A2 /* [38].png in Resources */ = {isa = PBXBuildFile; fileRef = BA3115A124E5B8730012C6A2 /* [38].png */; };
		BA31161624E5B8730012C6A2 /* LiuqsEmotionKeyBoard.swift in Sources */ = {isa = PBXBuildFile; fileRef = BA3115A224E5B8730012C6A2 /* LiuqsEmotionKeyBoard.swift */; };
		BA31161724E5B8730012C6A2 /* 2_14.gif in Resources */ = {isa = PBXBuildFile; fileRef = BA3115A424E5B8730012C6A2 /* 2_14.gif */; };
		BA31161824E5B8730012C6A2 /* 2_2.gif in Resources */ = {isa = PBXBuildFile; fileRef = BA3115A524E5B8730012C6A2 /* 2_2.gif */; };
		BA31161924E5B8730012C6A2 /* 2_3.gif in Resources */ = {isa = PBXBuildFile; fileRef = BA3115A624E5B8730012C6A2 /* 2_3.gif */; };
		BA31161A24E5B8730012C6A2 /* 2_15.gif in Resources */ = {isa = PBXBuildFile; fileRef = BA3115A724E5B8730012C6A2 /* 2_15.gif */; };
		BA31161B24E5B8730012C6A2 /* 2_17.gif in Resources */ = {isa = PBXBuildFile; fileRef = BA3115A824E5B8730012C6A2 /* 2_17.gif */; };
		BA31161C24E5B8730012C6A2 /* 2_1.gif in Resources */ = {isa = PBXBuildFile; fileRef = BA3115A924E5B8730012C6A2 /* 2_1.gif */; };
		BA31161D24E5B8730012C6A2 /* 2_16.gif in Resources */ = {isa = PBXBuildFile; fileRef = BA3115AA24E5B8730012C6A2 /* 2_16.gif */; };
		BA31161E24E5B8730012C6A2 /* 2_12.gif in Resources */ = {isa = PBXBuildFile; fileRef = BA3115AB24E5B8730012C6A2 /* 2_12.gif */; };
		BA31161F24E5B8730012C6A2 /* 2_4.gif in Resources */ = {isa = PBXBuildFile; fileRef = BA3115AC24E5B8730012C6A2 /* 2_4.gif */; };
		BA31162024E5B8730012C6A2 /* WSBToolBarView.swift in Sources */ = {isa = PBXBuildFile; fileRef = BA3115AD24E5B8730012C6A2 /* WSBToolBarView.swift */; };
		BA31162124E5B8730012C6A2 /* 2_5.gif in Resources */ = {isa = PBXBuildFile; fileRef = BA3115AE24E5B8730012C6A2 /* 2_5.gif */; };
		BA31162224E5B8730012C6A2 /* 2_13.gif in Resources */ = {isa = PBXBuildFile; fileRef = BA3115AF24E5B8730012C6A2 /* 2_13.gif */; };
		BA31162324E5B8730012C6A2 /* 2_11.gif in Resources */ = {isa = PBXBuildFile; fileRef = BA3115B024E5B8730012C6A2 /* 2_11.gif */; };
		BA31162424E5B8730012C6A2 /* 2_7.gif in Resources */ = {isa = PBXBuildFile; fileRef = BA3115B124E5B8730012C6A2 /* 2_7.gif */; };
		BA31162524E5B8730012C6A2 /* 2_6.gif in Resources */ = {isa = PBXBuildFile; fileRef = BA3115B224E5B8730012C6A2 /* 2_6.gif */; };
		BA31162624E5B8730012C6A2 /* 2_10.gif in Resources */ = {isa = PBXBuildFile; fileRef = BA3115B324E5B8730012C6A2 /* 2_10.gif */; };
		BA31162724E5B8730012C6A2 /* 2_8.gif in Resources */ = {isa = PBXBuildFile; fileRef = BA3115B424E5B8730012C6A2 /* 2_8.gif */; };
		BA31162824E5B8730012C6A2 /* 2_9.gif in Resources */ = {isa = PBXBuildFile; fileRef = BA3115B524E5B8730012C6A2 /* 2_9.gif */; };
		BA31162924E5B8730012C6A2 /* 2_18.gif in Resources */ = {isa = PBXBuildFile; fileRef = BA3115B624E5B8730012C6A2 /* 2_18.gif */; };
		BA31162A24E5B8730012C6A2 /* LiuqsEmoji.plist in Resources */ = {isa = PBXBuildFile; fileRef = BA3115B724E5B8730012C6A2 /* LiuqsEmoji.plist */; };
		BA31162B24E5B8730012C6A2 /* LiuqsChageEmotionStrTool.swift in Sources */ = {isa = PBXBuildFile; fileRef = BA3115B824E5B8730012C6A2 /* LiuqsChageEmotionStrTool.swift */; };
		BA31162C24E5B8730012C6A2 /* LiuqsGifEmoji.plist in Resources */ = {isa = PBXBuildFile; fileRef = BA3115B924E5B8730012C6A2 /* LiuqsGifEmoji.plist */; };
		BA31162D24E5B8730012C6A2 /* LiuqsTextAttachment.swift in Sources */ = {isa = PBXBuildFile; fileRef = BA3115BA24E5B8730012C6A2 /* LiuqsTextAttachment.swift */; };
		BA31162F24E5B8F70012C6A2 /* LiuqsDefines.swift in Sources */ = {isa = PBXBuildFile; fileRef = BA31162E24E5B8F70012C6A2 /* LiuqsDefines.swift */; };
		BA31163124E5BB2B0012C6A2 /* UIImage+Extension.swift in Sources */ = {isa = PBXBuildFile; fileRef = BA31163024E5BB2B0012C6A2 /* UIImage+Extension.swift */; };
		BA31163724E5BE2E0012C6A2 /* WSBChatMessage.swift in Sources */ = {isa = PBXBuildFile; fileRef = BA31163524E5BE2E0012C6A2 /* WSBChatMessage.swift */; };
		BA31163924F184E70012C6A2 /* FSWebImageView.swift in Sources */ = {isa = PBXBuildFile; fileRef = BA31163824F184E70012C6A2 /* FSWebImageView.swift */; };
		BA31163B24F185FB0012C6A2 /* WSBWebImageView.swift in Sources */ = {isa = PBXBuildFile; fileRef = BA31163A24F185FB0012C6A2 /* WSBWebImageView.swift */; };
		BA31163D24F2D8B00012C6A2 /* WSBChatMessageCellModel.swift in Sources */ = {isa = PBXBuildFile; fileRef = BA31163C24F2D8B00012C6A2 /* WSBChatMessageCellModel.swift */; };
		BA31164124F2DB530012C6A2 /* UIView+Frame.swift in Sources */ = {isa = PBXBuildFile; fileRef = BA31164024F2DB530012C6A2 /* UIView+Frame.swift */; };
		BA31164324F56B620012C6A2 /* WSBMessageContentView.swift in Sources */ = {isa = PBXBuildFile; fileRef = BA31164224F56B620012C6A2 /* WSBMessageContentView.swift */; };
		BA3116472506A3B70012C6A2 /* NetworkReachabilityManager.swift in Sources */ = {isa = PBXBuildFile; fileRef = BA3116462506A3B70012C6A2 /* NetworkReachabilityManager.swift */; };
		BA3116492506A4240012C6A2 /* Protected.swift in Sources */ = {isa = PBXBuildFile; fileRef = BA3116482506A4240012C6A2 /* Protected.swift */; };
		BA31164B2506AD440012C6A2 /* WSBEmotionPickView.swift in Sources */ = {isa = PBXBuildFile; fileRef = BA31164A2506AD440012C6A2 /* WSBEmotionPickView.swift */; };
		BA31164D2506AD6F0012C6A2 /* WSBSelectMoreView.swift in Sources */ = {isa = PBXBuildFile; fileRef = BA31164C2506AD6F0012C6A2 /* WSBSelectMoreView.swift */; };
		BA55BBB224D1D3BB00FF3ADD /* AppDelegate.swift in Sources */ = {isa = PBXBuildFile; fileRef = BA55BBB124D1D3BB00FF3ADD /* AppDelegate.swift */; };
		BA55BBB424D1D3BB00FF3ADD /* ViewController.swift in Sources */ = {isa = PBXBuildFile; fileRef = BA55BBB324D1D3BB00FF3ADD /* ViewController.swift */; };
		BA55BBB724D1D3BB00FF3ADD /* Main.storyboard in Resources */ = {isa = PBXBuildFile; fileRef = BA55BBB524D1D3BB00FF3ADD /* Main.storyboard */; };
		BA55BBB924D1D3BC00FF3ADD /* Assets.xcassets in Resources */ = {isa = PBXBuildFile; fileRef = BA55BBB824D1D3BC00FF3ADD /* Assets.xcassets */; };
		BA55BBBC24D1D3BC00FF3ADD /* LaunchScreen.storyboard in Resources */ = {isa = PBXBuildFile; fileRef = BA55BBBA24D1D3BC00FF3ADD /* LaunchScreen.storyboard */; };
		BA55BBC724D1D3BC00FF3ADD /* WSBoyChatTests.swift in Sources */ = {isa = PBXBuildFile; fileRef = BA55BBC624D1D3BC00FF3ADD /* WSBoyChatTests.swift */; };
		BA55BBD224D1D3BC00FF3ADD /* WSBoyChatUITests.swift in Sources */ = {isa = PBXBuildFile; fileRef = BA55BBD124D1D3BC00FF3ADD /* WSBoyChatUITests.swift */; };
		D010BC58B17CDE40419C2487 /* Pods_WSBoyChat.framework in Frameworks */ = {isa = PBXBuildFile; fileRef = FE5D33637F439FF8A7932326 /* Pods_WSBoyChat.framework */; };
		E884485124F664730070C963 /* FSArrowView.swift in Sources */ = {isa = PBXBuildFile; fileRef = E884485024F664730070C963 /* FSArrowView.swift */; };
		E8C3266324DADDF3008CA24D /* WSBBaseViewController.swift in Sources */ = {isa = PBXBuildFile; fileRef = E8C3266224DADDF3008CA24D /* WSBBaseViewController.swift */; };
		E8C3266524DAE33E008CA24D /* WSBNavigationBar.swift in Sources */ = {isa = PBXBuildFile; fileRef = E8C3266424DAE33E008CA24D /* WSBNavigationBar.swift */; };
		E8C3266724DAE3A8008CA24D /* UIView+CGRect.swift in Sources */ = {isa = PBXBuildFile; fileRef = E8C3266624DAE3A8008CA24D /* UIView+CGRect.swift */; };
		E8C3266924DAEE2B008CA24D /* Utility.swift in Sources */ = {isa = PBXBuildFile; fileRef = E8C3266824DAEE2B008CA24D /* Utility.swift */; };
		E8C3336F24DBE7AB008CA24D /* UIColor+Extension.swift in Sources */ = {isa = PBXBuildFile; fileRef = E8C3336E24DBE7AB008CA24D /* UIColor+Extension.swift */; };
		E8C3337124DBF86A008CA24D /* WSBLoginInputView.swift in Sources */ = {isa = PBXBuildFile; fileRef = E8C3337024DBF86A008CA24D /* WSBLoginInputView.swift */; };
		E8C3783F24DC2E93008CA24D /* WSBLoginService.swift in Sources */ = {isa = PBXBuildFile; fileRef = E8C3783E24DC2E93008CA24D /* WSBLoginService.swift */; };
		E8C392D724DC3466008CA24D /* WSBUserRegisterViewController.swift in Sources */ = {isa = PBXBuildFile; fileRef = E8C392D624DC3466008CA24D /* WSBUserRegisterViewController.swift */; };
		E8C39FDF24DC373B008CA24D /* UIViewController+Router.swift in Sources */ = {isa = PBXBuildFile; fileRef = E8C39FDE24DC373B008CA24D /* UIViewController+Router.swift */; };
		E8C3ACD124DC3D83008CA24D /* WSBUserRegisterViewModel.swift in Sources */ = {isa = PBXBuildFile; fileRef = E8C3ACD024DC3D83008CA24D /* WSBUserRegisterViewModel.swift */; };
		E8C3B9C324DC43A8008CA24D /* WSBURL.swift in Sources */ = {isa = PBXBuildFile; fileRef = E8C3B9C224DC43A8008CA24D /* WSBURL.swift */; };
		E8C3FD3724D9AD2E008CA24D /* WSBLoginViewController.swift in Sources */ = {isa = PBXBuildFile; fileRef = E8C3FD3624D9AD2E008CA24D /* WSBLoginViewController.swift */; };
		E8C3FD3924D9AD44008CA24D /* WSBLoginViewModel.swift in Sources */ = {isa = PBXBuildFile; fileRef = E8C3FD3824D9AD44008CA24D /* WSBLoginViewModel.swift */; };
		E8C3FD3C24DA732C008CA24D /* WSBNavigationViewController.swift in Sources */ = {isa = PBXBuildFile; fileRef = E8C3FD3B24DA732C008CA24D /* WSBNavigationViewController.swift */; };
		E8E5C1BB24E64E6A001C6509 /* WSBChatViewModel.swift in Sources */ = {isa = PBXBuildFile; fileRef = E8E5C1BA24E64E6A001C6509 /* WSBChatViewModel.swift */; };
		E8E5C1BD24E64F53001C6509 /* FSToaster.swift in Sources */ = {isa = PBXBuildFile; fileRef = E8E5C1BC24E64F53001C6509 /* FSToaster.swift */; };
		ED5E3EB2C8E2A6772556BCDA /* Pods_WSBoyChat_WSBoyChatUITests.framework in Frameworks */ = {isa = PBXBuildFile; fileRef = E742C5906E6A741CCEE7DAAF /* Pods_WSBoyChat_WSBoyChatUITests.framework */; };
/* End PBXBuildFile section */

/* Begin PBXContainerItemProxy section */
		BA55BBC324D1D3BC00FF3ADD /* PBXContainerItemProxy */ = {
			isa = PBXContainerItemProxy;
			containerPortal = BA55BBA624D1D3BB00FF3ADD /* Project object */;
			proxyType = 1;
			remoteGlobalIDString = BA55BBAD24D1D3BB00FF3ADD;
			remoteInfo = WSBoyChat;
		};
		BA55BBCE24D1D3BC00FF3ADD /* PBXContainerItemProxy */ = {
			isa = PBXContainerItemProxy;
			containerPortal = BA55BBA624D1D3BB00FF3ADD /* Project object */;
			proxyType = 1;
			remoteGlobalIDString = BA55BBAD24D1D3BB00FF3ADD;
			remoteInfo = WSBoyChat;
		};
/* End PBXContainerItemProxy section */

/* Begin PBXFileReference section */
		0A4AFBB9995EA71B6E94003F /* Pods-WSBoyChatTests.release.xcconfig */ = {isa = PBXFileReference; includeInIndex = 1; lastKnownFileType = text.xcconfig; name = "Pods-WSBoyChatTests.release.xcconfig"; path = "Target Support Files/Pods-WSBoyChatTests/Pods-WSBoyChatTests.release.xcconfig"; sourceTree = "<group>"; };
		2F36BB5EA82CF288FDD2F50B /* Pods-WSBoyChat.debug.xcconfig */ = {isa = PBXFileReference; includeInIndex = 1; lastKnownFileType = text.xcconfig; name = "Pods-WSBoyChat.debug.xcconfig"; path = "Target Support Files/Pods-WSBoyChat/Pods-WSBoyChat.debug.xcconfig"; sourceTree = "<group>"; };
		78C307527C1DD75BC313D4C7 /* Pods-WSBoyChat.release.xcconfig */ = {isa = PBXFileReference; includeInIndex = 1; lastKnownFileType = text.xcconfig; name = "Pods-WSBoyChat.release.xcconfig"; path = "Target Support Files/Pods-WSBoyChat/Pods-WSBoyChat.release.xcconfig"; sourceTree = "<group>"; };
		796878AD40038EFB289E8051 /* Pods-WSBoyChatTests.debug.xcconfig */ = {isa = PBXFileReference; includeInIndex = 1; lastKnownFileType = text.xcconfig; name = "Pods-WSBoyChatTests.debug.xcconfig"; path = "Target Support Files/Pods-WSBoyChatTests/Pods-WSBoyChatTests.debug.xcconfig"; sourceTree = "<group>"; };
		90C8C8CBC440987B16661A3D /* Pods-WSBoyChat-WSBoyChatUITests.release.xcconfig */ = {isa = PBXFileReference; includeInIndex = 1; lastKnownFileType = text.xcconfig; name = "Pods-WSBoyChat-WSBoyChatUITests.release.xcconfig"; path = "Target Support Files/Pods-WSBoyChat-WSBoyChatUITests/Pods-WSBoyChat-WSBoyChatUITests.release.xcconfig"; sourceTree = "<group>"; };
		BA31153524E5B6700012C6A2 /* WSBChatViewController.swift */ = {isa = PBXFileReference; lastKnownFileType = sourcecode.swift; path = WSBChatViewController.swift; sourceTree = "<group>"; };
		BA31153C24E5B8140012C6A2 /* WSBChatMessageCell.swift */ = {isa = PBXFileReference; fileEncoding = 4; lastKnownFileType = sourcecode.swift; path = WSBChatMessageCell.swift; sourceTree = "<group>"; };
		BA31154524E5B8730012C6A2 /* [72].gif */ = {isa = PBXFileReference; lastKnownFileType = image.gif; path = "[72].gif"; sourceTree = "<group>"; };
		BA31154624E5B8730012C6A2 /* [64].gif */ = {isa = PBXFileReference; lastKnownFileType = image.gif; path = "[64].gif"; sourceTree = "<group>"; };
		BA31154724E5B8730012C6A2 /* [68].gif */ = {isa = PBXFileReference; lastKnownFileType = image.gif; path = "[68].gif"; sourceTree = "<group>"; };
		BA31154824E5B8730012C6A2 /* [69].gif */ = {isa = PBXFileReference; lastKnownFileType = image.gif; path = "[69].gif"; sourceTree = "<group>"; };
		BA31154924E5B8730012C6A2 /* [65].gif */ = {isa = PBXFileReference; lastKnownFileType = image.gif; path = "[65].gif"; sourceTree = "<group>"; };
		BA31154A24E5B8730012C6A2 /* [62].gif */ = {isa = PBXFileReference; lastKnownFileType = image.gif; path = "[62].gif"; sourceTree = "<group>"; };
		BA31154B24E5B8730012C6A2 /* [63].gif */ = {isa = PBXFileReference; lastKnownFileType = image.gif; path = "[63].gif"; sourceTree = "<group>"; };
		BA31154C24E5B8730012C6A2 /* [61].gif */ = {isa = PBXFileReference; lastKnownFileType = image.gif; path = "[61].gif"; sourceTree = "<group>"; };
		BA31154D24E5B8730012C6A2 /* [66].gif */ = {isa = PBXFileReference; lastKnownFileType = image.gif; path = "[66].gif"; sourceTree = "<group>"; };
		BA31154E24E5B8730012C6A2 /* [70].gif */ = {isa = PBXFileReference; lastKnownFileType = image.gif; path = "[70].gif"; sourceTree = "<group>"; };
		BA31154F24E5B8730012C6A2 /* [71].gif */ = {isa = PBXFileReference; lastKnownFileType = image.gif; path = "[71].gif"; sourceTree = "<group>"; };
		BA31155024E5B8730012C6A2 /* [67].gif */ = {isa = PBXFileReference; lastKnownFileType = image.gif; path = "[67].gif"; sourceTree = "<group>"; };
		BA31155124E5B8730012C6A2 /* LiuqsEmotionTags.plist */ = {isa = PBXFileReference; fileEncoding = 4; lastKnownFileType = text.plist.xml; path = LiuqsEmotionTags.plist; sourceTree = "<group>"; };
		BA31155324E5B8730012C6A2 /* [56].png */ = {isa = PBXFileReference; lastKnownFileType = image.png; path = "[56].png"; sourceTree = "<group>"; };
		BA31155424E5B8730012C6A2 /* [17].png */ = {isa = PBXFileReference; lastKnownFileType = image.png; path = "[17].png"; sourceTree = "<group>"; };
		BA31155524E5B8730012C6A2 /* [40].png */ = {isa = PBXFileReference; lastKnownFileType = image.png; path = "[40].png"; sourceTree = "<group>"; };
		BA31155624E5B8730012C6A2 /* [37].png */ = {isa = PBXFileReference; lastKnownFileType = image.png; path = "[37].png"; sourceTree = "<group>"; };
		BA31155724E5B8730012C6A2 /* [60].png */ = {isa = PBXFileReference; lastKnownFileType = image.png; path = "[60].png"; sourceTree = "<group>"; };
		BA31155824E5B8730012C6A2 /* [76].png */ = {isa = PBXFileReference; lastKnownFileType = image.png; path = "[76].png"; sourceTree = "<group>"; };
		BA31155924E5B8730012C6A2 /* [21].png */ = {isa = PBXFileReference; lastKnownFileType = image.png; path = "[21].png"; sourceTree = "<group>"; };
		BA31155A24E5B8730012C6A2 /* [20].png */ = {isa = PBXFileReference; lastKnownFileType = image.png; path = "[20].png"; sourceTree = "<group>"; };
		BA31155B24E5B8730012C6A2 /* [77].png */ = {isa = PBXFileReference; lastKnownFileType = image.png; path = "[77].png"; sourceTree = "<group>"; };
		BA31155C24E5B8730012C6A2 /* [61].png */ = {isa = PBXFileReference; lastKnownFileType = image.png; path = "[61].png"; sourceTree = "<group>"; };
		BA31155D24E5B8730012C6A2 /* [1].png */ = {isa = PBXFileReference; lastKnownFileType = image.png; path = "[1].png"; sourceTree = "<group>"; };
		BA31155E24E5B8730012C6A2 /* [36].png */ = {isa = PBXFileReference; lastKnownFileType = image.png; path = "[36].png"; sourceTree = "<group>"; };
		BA31155F24E5B8730012C6A2 /* LiuqsTextAttachment.h */ = {isa = PBXFileReference; fileEncoding = 4; lastKnownFileType = sourcecode.c.h; path = LiuqsTextAttachment.h; sourceTree = "<group>"; };
		BA31156024E5B8730012C6A2 /* [41].png */ = {isa = PBXFileReference; lastKnownFileType = image.png; path = "[41].png"; sourceTree = "<group>"; };
		BA31156124E5B8730012C6A2 /* [16].png */ = {isa = PBXFileReference; lastKnownFileType = image.png; path = "[16].png"; sourceTree = "<group>"; };
		BA31156224E5B8730012C6A2 /* [57].png */ = {isa = PBXFileReference; lastKnownFileType = image.png; path = "[57].png"; sourceTree = "<group>"; };
		BA31156324E5B8730012C6A2 /* [31].png */ = {isa = PBXFileReference; lastKnownFileType = image.png; path = "[31].png"; sourceTree = "<group>"; };
		BA31156424E5B8730012C6A2 /* [6].png */ = {isa = PBXFileReference; lastKnownFileType = image.png; path = "[6].png"; sourceTree = "<group>"; };
		BA31156524E5B8730012C6A2 /* [66].png */ = {isa = PBXFileReference; lastKnownFileType = image.png; path = "[66].png"; sourceTree = "<group>"; };
		BA31156624E5B8730012C6A2 /* [70].png */ = {isa = PBXFileReference; lastKnownFileType = image.png; path = "[70].png"; sourceTree = "<group>"; };
		BA31156724E5B8730012C6A2 /* [27].png */ = {isa = PBXFileReference; lastKnownFileType = image.png; path = "[27].png"; sourceTree = "<group>"; };
		BA31156824E5B8730012C6A2 /* [50].png */ = {isa = PBXFileReference; lastKnownFileType = image.png; path = "[50].png"; sourceTree = "<group>"; };
		BA31156924E5B8730012C6A2 /* [11].png */ = {isa = PBXFileReference; lastKnownFileType = image.png; path = "[11].png"; sourceTree = "<group>"; };
		BA31156A24E5B8730012C6A2 /* [46].png */ = {isa = PBXFileReference; lastKnownFileType = image.png; path = "[46].png"; sourceTree = "<group>"; };
		BA31156B24E5B8730012C6A2 /* [47].png */ = {isa = PBXFileReference; lastKnownFileType = image.png; path = "[47].png"; sourceTree = "<group>"; };
		BA31156C24E5B8730012C6A2 /* [10].png */ = {isa = PBXFileReference; lastKnownFileType = image.png; path = "[10].png"; sourceTree = "<group>"; };
		BA31156D24E5B8730012C6A2 /* [51].png */ = {isa = PBXFileReference; lastKnownFileType = image.png; path = "[51].png"; sourceTree = "<group>"; };
		BA31156E24E5B8730012C6A2 /* [26].png */ = {isa = PBXFileReference; lastKnownFileType = image.png; path = "[26].png"; sourceTree = "<group>"; };
		BA31156F24E5B8730012C6A2 /* [71].png */ = {isa = PBXFileReference; lastKnownFileType = image.png; path = "[71].png"; sourceTree = "<group>"; };
		BA31157024E5B8730012C6A2 /* [67].png */ = {isa = PBXFileReference; lastKnownFileType = image.png; path = "[67].png"; sourceTree = "<group>"; };
		BA31157124E5B8730012C6A2 /* [7].png */ = {isa = PBXFileReference; lastKnownFileType = image.png; path = "[7].png"; sourceTree = "<group>"; };
		BA31157224E5B8730012C6A2 /* [30].png */ = {isa = PBXFileReference; lastKnownFileType = image.png; path = "[30].png"; sourceTree = "<group>"; };
		BA31157324E5B8730012C6A2 /* [25].png */ = {isa = PBXFileReference; lastKnownFileType = image.png; path = "[25].png"; sourceTree = "<group>"; };
		BA31157424E5B8730012C6A2 /* [72].png */ = {isa = PBXFileReference; lastKnownFileType = image.png; path = "[72].png"; sourceTree = "<group>"; };
		BA31157524E5B8730012C6A2 /* [64].png */ = {isa = PBXFileReference; lastKnownFileType = image.png; path = "[64].png"; sourceTree = "<group>"; };
		BA31157624E5B8730012C6A2 /* [4].png */ = {isa = PBXFileReference; lastKnownFileType = image.png; path = "[4].png"; sourceTree = "<group>"; };
		BA31157724E5B8730012C6A2 /* [33].png */ = {isa = PBXFileReference; lastKnownFileType = image.png; path = "[33].png"; sourceTree = "<group>"; };
		BA31157824E5B8730012C6A2 /* [48].png */ = {isa = PBXFileReference; lastKnownFileType = image.png; path = "[48].png"; sourceTree = "<group>"; };
		BA31157924E5B8730012C6A2 /* [29].png */ = {isa = PBXFileReference; lastKnownFileType = image.png; path = "[29].png"; sourceTree = "<group>"; };
		BA31157A24E5B8730012C6A2 /* [68].png */ = {isa = PBXFileReference; lastKnownFileType = image.png; path = "[68].png"; sourceTree = "<group>"; };
		BA31157B24E5B8730012C6A2 /* [8].png */ = {isa = PBXFileReference; lastKnownFileType = image.png; path = "[8].png"; sourceTree = "<group>"; };
		BA31157C24E5B8730012C6A2 /* [44].png */ = {isa = PBXFileReference; lastKnownFileType = image.png; path = "[44].png"; sourceTree = "<group>"; };
		BA31157D24E5B8730012C6A2 /* [13].png */ = {isa = PBXFileReference; lastKnownFileType = image.png; path = "[13].png"; sourceTree = "<group>"; };
		BA31157E24E5B8730012C6A2 /* [52].png */ = {isa = PBXFileReference; lastKnownFileType = image.png; path = "[52].png"; sourceTree = "<group>"; };
		BA31157F24E5B8730012C6A2 /* [53].png */ = {isa = PBXFileReference; lastKnownFileType = image.png; path = "[53].png"; sourceTree = "<group>"; };
		BA31158024E5B8730012C6A2 /* [12].png */ = {isa = PBXFileReference; lastKnownFileType = image.png; path = "[12].png"; sourceTree = "<group>"; };
		BA31158124E5B8730012C6A2 /* [45].png */ = {isa = PBXFileReference; lastKnownFileType = image.png; path = "[45].png"; sourceTree = "<group>"; };
		BA31158224E5B8730012C6A2 /* [9].png */ = {isa = PBXFileReference; lastKnownFileType = image.png; path = "[9].png"; sourceTree = "<group>"; };
		BA31158324E5B8730012C6A2 /* [69].png */ = {isa = PBXFileReference; lastKnownFileType = image.png; path = "[69].png"; sourceTree = "<group>"; };
		BA31158424E5B8730012C6A2 /* [28].png */ = {isa = PBXFileReference; lastKnownFileType = image.png; path = "[28].png"; sourceTree = "<group>"; };
		BA31158524E5B8730012C6A2 /* LiuqsTextAttachment.m */ = {isa = PBXFileReference; fileEncoding = 4; lastKnownFileType = sourcecode.c.objc; path = LiuqsTextAttachment.m; sourceTree = "<group>"; };
		BA31158624E5B8730012C6A2 /* [49].png */ = {isa = PBXFileReference; lastKnownFileType = image.png; path = "[49].png"; sourceTree = "<group>"; };
		BA31158724E5B8730012C6A2 /* [32].png */ = {isa = PBXFileReference; lastKnownFileType = image.png; path = "[32].png"; sourceTree = "<group>"; };
		BA31158824E5B8730012C6A2 /* [5].png */ = {isa = PBXFileReference; lastKnownFileType = image.png; path = "[5].png"; sourceTree = "<group>"; };
		BA31158924E5B8730012C6A2 /* [65].png */ = {isa = PBXFileReference; lastKnownFileType = image.png; path = "[65].png"; sourceTree = "<group>"; };
		BA31158A24E5B8730012C6A2 /* [73].png */ = {isa = PBXFileReference; lastKnownFileType = image.png; path = "[73].png"; sourceTree = "<group>"; };
		BA31158B24E5B8730012C6A2 /* [24].png */ = {isa = PBXFileReference; lastKnownFileType = image.png; path = "[24].png"; sourceTree = "<group>"; };
		BA31158C24E5B8730012C6A2 /* [39].png */ = {isa = PBXFileReference; lastKnownFileType = image.png; path = "[39].png"; sourceTree = "<group>"; };
		BA31158D24E5B8730012C6A2 /* [42].png */ = {isa = PBXFileReference; lastKnownFileType = image.png; path = "[42].png"; sourceTree = "<group>"; };
		BA31158E24E5B8730012C6A2 /* [15].png */ = {isa = PBXFileReference; lastKnownFileType = image.png; path = "[15].png"; sourceTree = "<group>"; };
		BA31158F24E5B8730012C6A2 /* [54].png */ = {isa = PBXFileReference; lastKnownFileType = image.png; path = "[54].png"; sourceTree = "<group>"; };
		BA31159024E5B8730012C6A2 /* [23].png */ = {isa = PBXFileReference; lastKnownFileType = image.png; path = "[23].png"; sourceTree = "<group>"; };
		BA31159124E5B8730012C6A2 /* [74].png */ = {isa = PBXFileReference; lastKnownFileType = image.png; path = "[74].png"; sourceTree = "<group>"; };
		BA31159224E5B8730012C6A2 /* [62].png */ = {isa = PBXFileReference; lastKnownFileType = image.png; path = "[62].png"; sourceTree = "<group>"; };
		BA31159324E5B8730012C6A2 /* [2].png */ = {isa = PBXFileReference; lastKnownFileType = image.png; path = "[2].png"; sourceTree = "<group>"; };
		BA31159424E5B8730012C6A2 /* [35].png */ = {isa = PBXFileReference; lastKnownFileType = image.png; path = "[35].png"; sourceTree = "<group>"; };
		BA31159524E5B8730012C6A2 /* [19].png */ = {isa = PBXFileReference; lastKnownFileType = image.png; path = "[19].png"; sourceTree = "<group>"; };
		BA31159624E5B8730012C6A2 /* [58].png */ = {isa = PBXFileReference; lastKnownFileType = image.png; path = "[58].png"; sourceTree = "<group>"; };
		BA31159724E5B8730012C6A2 /* [59].png */ = {isa = PBXFileReference; lastKnownFileType = image.png; path = "[59].png"; sourceTree = "<group>"; };
		BA31159824E5B8730012C6A2 /* [18].png */ = {isa = PBXFileReference; lastKnownFileType = image.png; path = "[18].png"; sourceTree = "<group>"; };
		BA31159924E5B8730012C6A2 /* [34].png */ = {isa = PBXFileReference; lastKnownFileType = image.png; path = "[34].png"; sourceTree = "<group>"; };
		BA31159A24E5B8730012C6A2 /* [3].png */ = {isa = PBXFileReference; lastKnownFileType = image.png; path = "[3].png"; sourceTree = "<group>"; };
		BA31159B24E5B8730012C6A2 /* [63].png */ = {isa = PBXFileReference; lastKnownFileType = image.png; path = "[63].png"; sourceTree = "<group>"; };
		BA31159C24E5B8730012C6A2 /* [75].png */ = {isa = PBXFileReference; lastKnownFileType = image.png; path = "[75].png"; sourceTree = "<group>"; };
		BA31159D24E5B8730012C6A2 /* [22].png */ = {isa = PBXFileReference; lastKnownFileType = image.png; path = "[22].png"; sourceTree = "<group>"; };
		BA31159E24E5B8730012C6A2 /* [55].png */ = {isa = PBXFileReference; lastKnownFileType = image.png; path = "[55].png"; sourceTree = "<group>"; };
		BA31159F24E5B8730012C6A2 /* [14].png */ = {isa = PBXFileReference; lastKnownFileType = image.png; path = "[14].png"; sourceTree = "<group>"; };
		BA3115A024E5B8730012C6A2 /* [43].png */ = {isa = PBXFileReference; lastKnownFileType = image.png; path = "[43].png"; sourceTree = "<group>"; };
		BA3115A124E5B8730012C6A2 /* [38].png */ = {isa = PBXFileReference; lastKnownFileType = image.png; path = "[38].png"; sourceTree = "<group>"; };
		BA3115A224E5B8730012C6A2 /* LiuqsEmotionKeyBoard.swift */ = {isa = PBXFileReference; fileEncoding = 4; lastKnownFileType = sourcecode.swift; path = LiuqsEmotionKeyBoard.swift; sourceTree = "<group>"; };
		BA3115A424E5B8730012C6A2 /* 2_14.gif */ = {isa = PBXFileReference; lastKnownFileType = image.gif; path = 2_14.gif; sourceTree = "<group>"; };
		BA3115A524E5B8730012C6A2 /* 2_2.gif */ = {isa = PBXFileReference; lastKnownFileType = image.gif; path = 2_2.gif; sourceTree = "<group>"; };
		BA3115A624E5B8730012C6A2 /* 2_3.gif */ = {isa = PBXFileReference; lastKnownFileType = image.gif; path = 2_3.gif; sourceTree = "<group>"; };
		BA3115A724E5B8730012C6A2 /* 2_15.gif */ = {isa = PBXFileReference; lastKnownFileType = image.gif; path = 2_15.gif; sourceTree = "<group>"; };
		BA3115A824E5B8730012C6A2 /* 2_17.gif */ = {isa = PBXFileReference; lastKnownFileType = image.gif; path = 2_17.gif; sourceTree = "<group>"; };
		BA3115A924E5B8730012C6A2 /* 2_1.gif */ = {isa = PBXFileReference; lastKnownFileType = image.gif; path = 2_1.gif; sourceTree = "<group>"; };
		BA3115AA24E5B8730012C6A2 /* 2_16.gif */ = {isa = PBXFileReference; lastKnownFileType = image.gif; path = 2_16.gif; sourceTree = "<group>"; };
		BA3115AB24E5B8730012C6A2 /* 2_12.gif */ = {isa = PBXFileReference; lastKnownFileType = image.gif; path = 2_12.gif; sourceTree = "<group>"; };
		BA3115AC24E5B8730012C6A2 /* 2_4.gif */ = {isa = PBXFileReference; lastKnownFileType = image.gif; path = 2_4.gif; sourceTree = "<group>"; };
		BA3115AD24E5B8730012C6A2 /* WSBToolBarView.swift */ = {isa = PBXFileReference; fileEncoding = 4; lastKnownFileType = sourcecode.swift; path = WSBToolBarView.swift; sourceTree = "<group>"; };
		BA3115AE24E5B8730012C6A2 /* 2_5.gif */ = {isa = PBXFileReference; lastKnownFileType = image.gif; path = 2_5.gif; sourceTree = "<group>"; };
		BA3115AF24E5B8730012C6A2 /* 2_13.gif */ = {isa = PBXFileReference; lastKnownFileType = image.gif; path = 2_13.gif; sourceTree = "<group>"; };
		BA3115B024E5B8730012C6A2 /* 2_11.gif */ = {isa = PBXFileReference; lastKnownFileType = image.gif; path = 2_11.gif; sourceTree = "<group>"; };
		BA3115B124E5B8730012C6A2 /* 2_7.gif */ = {isa = PBXFileReference; lastKnownFileType = image.gif; path = 2_7.gif; sourceTree = "<group>"; };
		BA3115B224E5B8730012C6A2 /* 2_6.gif */ = {isa = PBXFileReference; lastKnownFileType = image.gif; path = 2_6.gif; sourceTree = "<group>"; };
		BA3115B324E5B8730012C6A2 /* 2_10.gif */ = {isa = PBXFileReference; lastKnownFileType = image.gif; path = 2_10.gif; sourceTree = "<group>"; };
		BA3115B424E5B8730012C6A2 /* 2_8.gif */ = {isa = PBXFileReference; lastKnownFileType = image.gif; path = 2_8.gif; sourceTree = "<group>"; };
		BA3115B524E5B8730012C6A2 /* 2_9.gif */ = {isa = PBXFileReference; lastKnownFileType = image.gif; path = 2_9.gif; sourceTree = "<group>"; };
		BA3115B624E5B8730012C6A2 /* 2_18.gif */ = {isa = PBXFileReference; lastKnownFileType = image.gif; path = 2_18.gif; sourceTree = "<group>"; };
		BA3115B724E5B8730012C6A2 /* LiuqsEmoji.plist */ = {isa = PBXFileReference; fileEncoding = 4; lastKnownFileType = text.plist.xml; path = LiuqsEmoji.plist; sourceTree = "<group>"; };
		BA3115B824E5B8730012C6A2 /* LiuqsChageEmotionStrTool.swift */ = {isa = PBXFileReference; fileEncoding = 4; lastKnownFileType = sourcecode.swift; path = LiuqsChageEmotionStrTool.swift; sourceTree = "<group>"; };
		BA3115B924E5B8730012C6A2 /* LiuqsGifEmoji.plist */ = {isa = PBXFileReference; fileEncoding = 4; lastKnownFileType = text.plist.xml; path = LiuqsGifEmoji.plist; sourceTree = "<group>"; };
		BA3115BA24E5B8730012C6A2 /* LiuqsTextAttachment.swift */ = {isa = PBXFileReference; fileEncoding = 4; lastKnownFileType = sourcecode.swift; path = LiuqsTextAttachment.swift; sourceTree = "<group>"; };
		BA31162E24E5B8F70012C6A2 /* LiuqsDefines.swift */ = {isa = PBXFileReference; fileEncoding = 4; lastKnownFileType = sourcecode.swift; path = LiuqsDefines.swift; sourceTree = "<group>"; };
		BA31163024E5BB2B0012C6A2 /* UIImage+Extension.swift */ = {isa = PBXFileReference; fileEncoding = 4; lastKnownFileType = sourcecode.swift; path = "UIImage+Extension.swift"; sourceTree = "<group>"; };
		BA31163524E5BE2E0012C6A2 /* WSBChatMessage.swift */ = {isa = PBXFileReference; fileEncoding = 4; lastKnownFileType = sourcecode.swift; path = WSBChatMessage.swift; sourceTree = "<group>"; };
		BA31163824F184E70012C6A2 /* FSWebImageView.swift */ = {isa = PBXFileReference; lastKnownFileType = sourcecode.swift; path = FSWebImageView.swift; sourceTree = "<group>"; };
		BA31163A24F185FB0012C6A2 /* WSBWebImageView.swift */ = {isa = PBXFileReference; lastKnownFileType = sourcecode.swift; path = WSBWebImageView.swift; sourceTree = "<group>"; };
		BA31163C24F2D8B00012C6A2 /* WSBChatMessageCellModel.swift */ = {isa = PBXFileReference; lastKnownFileType = sourcecode.swift; path = WSBChatMessageCellModel.swift; sourceTree = "<group>"; };
		BA31164024F2DB530012C6A2 /* UIView+Frame.swift */ = {isa = PBXFileReference; lastKnownFileType = sourcecode.swift; path = "UIView+Frame.swift"; sourceTree = "<group>"; };
		BA31164224F56B620012C6A2 /* WSBMessageContentView.swift */ = {isa = PBXFileReference; lastKnownFileType = sourcecode.swift; path = WSBMessageContentView.swift; sourceTree = "<group>"; };
		BA3116462506A3B70012C6A2 /* NetworkReachabilityManager.swift */ = {isa = PBXFileReference; fileEncoding = 4; lastKnownFileType = sourcecode.swift; path = NetworkReachabilityManager.swift; sourceTree = "<group>"; };
		BA3116482506A4240012C6A2 /* Protected.swift */ = {isa = PBXFileReference; fileEncoding = 4; lastKnownFileType = sourcecode.swift; path = Protected.swift; sourceTree = "<group>"; };
		BA31164A2506AD440012C6A2 /* WSBEmotionPickView.swift */ = {isa = PBXFileReference; lastKnownFileType = sourcecode.swift; path = WSBEmotionPickView.swift; sourceTree = "<group>"; };
		BA31164C2506AD6F0012C6A2 /* WSBSelectMoreView.swift */ = {isa = PBXFileReference; lastKnownFileType = sourcecode.swift; path = WSBSelectMoreView.swift; sourceTree = "<group>"; };
		BA55BBAE24D1D3BB00FF3ADD /* WSBoyChat.app */ = {isa = PBXFileReference; explicitFileType = wrapper.application; includeInIndex = 0; path = WSBoyChat.app; sourceTree = BUILT_PRODUCTS_DIR; };
		BA55BBB124D1D3BB00FF3ADD /* AppDelegate.swift */ = {isa = PBXFileReference; lastKnownFileType = sourcecode.swift; path = AppDelegate.swift; sourceTree = "<group>"; };
		BA55BBB324D1D3BB00FF3ADD /* ViewController.swift */ = {isa = PBXFileReference; lastKnownFileType = sourcecode.swift; path = ViewController.swift; sourceTree = "<group>"; };
		BA55BBB624D1D3BB00FF3ADD /* Base */ = {isa = PBXFileReference; lastKnownFileType = file.storyboard; name = Base; path = Base.lproj/Main.storyboard; sourceTree = "<group>"; };
		BA55BBB824D1D3BC00FF3ADD /* Assets.xcassets */ = {isa = PBXFileReference; lastKnownFileType = folder.assetcatalog; path = Assets.xcassets; sourceTree = "<group>"; };
		BA55BBBB24D1D3BC00FF3ADD /* Base */ = {isa = PBXFileReference; lastKnownFileType = file.storyboard; name = Base; path = Base.lproj/LaunchScreen.storyboard; sourceTree = "<group>"; };
		BA55BBBD24D1D3BC00FF3ADD /* Info.plist */ = {isa = PBXFileReference; lastKnownFileType = text.plist.xml; path = Info.plist; sourceTree = "<group>"; };
		BA55BBC224D1D3BC00FF3ADD /* WSBoyChatTests.xctest */ = {isa = PBXFileReference; explicitFileType = wrapper.cfbundle; includeInIndex = 0; path = WSBoyChatTests.xctest; sourceTree = BUILT_PRODUCTS_DIR; };
		BA55BBC624D1D3BC00FF3ADD /* WSBoyChatTests.swift */ = {isa = PBXFileReference; lastKnownFileType = sourcecode.swift; path = WSBoyChatTests.swift; sourceTree = "<group>"; };
		BA55BBC824D1D3BC00FF3ADD /* Info.plist */ = {isa = PBXFileReference; lastKnownFileType = text.plist.xml; path = Info.plist; sourceTree = "<group>"; };
		BA55BBCD24D1D3BC00FF3ADD /* WSBoyChatUITests.xctest */ = {isa = PBXFileReference; explicitFileType = wrapper.cfbundle; includeInIndex = 0; path = WSBoyChatUITests.xctest; sourceTree = BUILT_PRODUCTS_DIR; };
		BA55BBD124D1D3BC00FF3ADD /* WSBoyChatUITests.swift */ = {isa = PBXFileReference; lastKnownFileType = sourcecode.swift; path = WSBoyChatUITests.swift; sourceTree = "<group>"; };
		BA55BBD324D1D3BC00FF3ADD /* Info.plist */ = {isa = PBXFileReference; lastKnownFileType = text.plist.xml; path = Info.plist; sourceTree = "<group>"; };
		C1478BF06E7FA1B2AEEA41F8 /* Pods-WSBoyChat-WSBoyChatUITests.debug.xcconfig */ = {isa = PBXFileReference; includeInIndex = 1; lastKnownFileType = text.xcconfig; name = "Pods-WSBoyChat-WSBoyChatUITests.debug.xcconfig"; path = "Target Support Files/Pods-WSBoyChat-WSBoyChatUITests/Pods-WSBoyChat-WSBoyChatUITests.debug.xcconfig"; sourceTree = "<group>"; };
		E742C5906E6A741CCEE7DAAF /* Pods_WSBoyChat_WSBoyChatUITests.framework */ = {isa = PBXFileReference; explicitFileType = wrapper.framework; includeInIndex = 0; path = Pods_WSBoyChat_WSBoyChatUITests.framework; sourceTree = BUILT_PRODUCTS_DIR; };
		E7A8E881C3B2829D689716B1 /* Pods_WSBoyChatTests.framework */ = {isa = PBXFileReference; explicitFileType = wrapper.framework; includeInIndex = 0; path = Pods_WSBoyChatTests.framework; sourceTree = BUILT_PRODUCTS_DIR; };
		E884485024F664730070C963 /* FSArrowView.swift */ = {isa = PBXFileReference; lastKnownFileType = sourcecode.swift; path = FSArrowView.swift; sourceTree = "<group>"; };
		E8C3266224DADDF3008CA24D /* WSBBaseViewController.swift */ = {isa = PBXFileReference; lastKnownFileType = sourcecode.swift; path = WSBBaseViewController.swift; sourceTree = "<group>"; };
		E8C3266424DAE33E008CA24D /* WSBNavigationBar.swift */ = {isa = PBXFileReference; lastKnownFileType = sourcecode.swift; path = WSBNavigationBar.swift; sourceTree = "<group>"; };
		E8C3266624DAE3A8008CA24D /* UIView+CGRect.swift */ = {isa = PBXFileReference; lastKnownFileType = sourcecode.swift; path = "UIView+CGRect.swift"; sourceTree = "<group>"; };
		E8C3266824DAEE2B008CA24D /* Utility.swift */ = {isa = PBXFileReference; lastKnownFileType = sourcecode.swift; path = Utility.swift; sourceTree = "<group>"; };
		E8C3336E24DBE7AB008CA24D /* UIColor+Extension.swift */ = {isa = PBXFileReference; lastKnownFileType = sourcecode.swift; path = "UIColor+Extension.swift"; sourceTree = "<group>"; };
		E8C3337024DBF86A008CA24D /* WSBLoginInputView.swift */ = {isa = PBXFileReference; lastKnownFileType = sourcecode.swift; path = WSBLoginInputView.swift; sourceTree = "<group>"; };
		E8C3783E24DC2E93008CA24D /* WSBLoginService.swift */ = {isa = PBXFileReference; lastKnownFileType = sourcecode.swift; path = WSBLoginService.swift; sourceTree = "<group>"; };
		E8C392D624DC3466008CA24D /* WSBUserRegisterViewController.swift */ = {isa = PBXFileReference; lastKnownFileType = sourcecode.swift; path = WSBUserRegisterViewController.swift; sourceTree = "<group>"; };
		E8C39FDE24DC373B008CA24D /* UIViewController+Router.swift */ = {isa = PBXFileReference; lastKnownFileType = sourcecode.swift; path = "UIViewController+Router.swift"; sourceTree = "<group>"; };
		E8C3ACD024DC3D83008CA24D /* WSBUserRegisterViewModel.swift */ = {isa = PBXFileReference; lastKnownFileType = sourcecode.swift; path = WSBUserRegisterViewModel.swift; sourceTree = "<group>"; };
		E8C3B9C224DC43A8008CA24D /* WSBURL.swift */ = {isa = PBXFileReference; lastKnownFileType = sourcecode.swift; path = WSBURL.swift; sourceTree = "<group>"; };
		E8C3FD3624D9AD2E008CA24D /* WSBLoginViewController.swift */ = {isa = PBXFileReference; lastKnownFileType = sourcecode.swift; path = WSBLoginViewController.swift; sourceTree = "<group>"; };
		E8C3FD3824D9AD44008CA24D /* WSBLoginViewModel.swift */ = {isa = PBXFileReference; lastKnownFileType = sourcecode.swift; path = WSBLoginViewModel.swift; sourceTree = "<group>"; };
		E8C3FD3B24DA732C008CA24D /* WSBNavigationViewController.swift */ = {isa = PBXFileReference; lastKnownFileType = sourcecode.swift; path = WSBNavigationViewController.swift; sourceTree = "<group>"; };
		E8E5C1BA24E64E6A001C6509 /* WSBChatViewModel.swift */ = {isa = PBXFileReference; lastKnownFileType = sourcecode.swift; path = WSBChatViewModel.swift; sourceTree = "<group>"; };
		E8E5C1BC24E64F53001C6509 /* FSToaster.swift */ = {isa = PBXFileReference; fileEncoding = 4; lastKnownFileType = sourcecode.swift; path = FSToaster.swift; sourceTree = "<group>"; };
		FE5D33637F439FF8A7932326 /* Pods_WSBoyChat.framework */ = {isa = PBXFileReference; explicitFileType = wrapper.framework; includeInIndex = 0; path = Pods_WSBoyChat.framework; sourceTree = BUILT_PRODUCTS_DIR; };
/* End PBXFileReference section */

/* Begin PBXFrameworksBuildPhase section */
		BA55BBAB24D1D3BB00FF3ADD /* Frameworks */ = {
			isa = PBXFrameworksBuildPhase;
			buildActionMask = 2147483647;
			files = (
				D010BC58B17CDE40419C2487 /* Pods_WSBoyChat.framework in Frameworks */,
			);
			runOnlyForDeploymentPostprocessing = 0;
		};
		BA55BBBF24D1D3BC00FF3ADD /* Frameworks */ = {
			isa = PBXFrameworksBuildPhase;
			buildActionMask = 2147483647;
			files = (
				092AE39DC412C14B53A4F1F8 /* Pods_WSBoyChatTests.framework in Frameworks */,
			);
			runOnlyForDeploymentPostprocessing = 0;
		};
		BA55BBCA24D1D3BC00FF3ADD /* Frameworks */ = {
			isa = PBXFrameworksBuildPhase;
			buildActionMask = 2147483647;
			files = (
				ED5E3EB2C8E2A6772556BCDA /* Pods_WSBoyChat_WSBoyChatUITests.framework in Frameworks */,
			);
			runOnlyForDeploymentPostprocessing = 0;
		};
/* End PBXFrameworksBuildPhase section */

/* Begin PBXGroup section */
		71FC6B0C063F19C44D9D0559 /* Frameworks */ = {
			isa = PBXGroup;
			children = (
				FE5D33637F439FF8A7932326 /* Pods_WSBoyChat.framework */,
				E742C5906E6A741CCEE7DAAF /* Pods_WSBoyChat_WSBoyChatUITests.framework */,
				E7A8E881C3B2829D689716B1 /* Pods_WSBoyChatTests.framework */,
			);
			name = Frameworks;
			sourceTree = "<group>";
		};
		BA31153724E5B8090012C6A2 /* Chat */ = {
			isa = PBXGroup;
			children = (
				BA31163F24F2D9500012C6A2 /* Model */,
				BA31153824E5B8140012C6A2 /* View */,
				BA31163E24F2D8CE0012C6A2 /* ViewModel */,
				BA31164024F2DB530012C6A2 /* UIView+Frame.swift */,
			);
			path = Chat;
			sourceTree = "<group>";
		};
		BA31153824E5B8140012C6A2 /* View */ = {
			isa = PBXGroup;
			children = (
				BA31153524E5B6700012C6A2 /* WSBChatViewController.swift */,
				BA31153C24E5B8140012C6A2 /* WSBChatMessageCell.swift */,
				BA31164224F56B620012C6A2 /* WSBMessageContentView.swift */,
			);
			path = View;
			sourceTree = "<group>";
		};
		BA31154324E5B8730012C6A2 /* LiuqsEmotions */ = {
			isa = PBXGroup;
			children = (
				BA3115AD24E5B8730012C6A2 /* WSBToolBarView.swift */,
				BA31154424E5B8730012C6A2 /* Face_gif */,
				BA31155124E5B8730012C6A2 /* LiuqsEmotionTags.plist */,
				BA31155224E5B8730012C6A2 /* 静态表情 */,
				BA3115A224E5B8730012C6A2 /* LiuqsEmotionKeyBoard.swift */,
				BA3115A324E5B8730012C6A2 /* gif超清 */,
				BA3115B724E5B8730012C6A2 /* LiuqsEmoji.plist */,
				BA3115B824E5B8730012C6A2 /* LiuqsChageEmotionStrTool.swift */,
				BA3115B924E5B8730012C6A2 /* LiuqsGifEmoji.plist */,
				BA3115BA24E5B8730012C6A2 /* LiuqsTextAttachment.swift */,
				BA31164A2506AD440012C6A2 /* WSBEmotionPickView.swift */,
				BA31164C2506AD6F0012C6A2 /* WSBSelectMoreView.swift */,
			);
			path = LiuqsEmotions;
			sourceTree = "<group>";
		};
		BA31154424E5B8730012C6A2 /* Face_gif */ = {
			isa = PBXGroup;
			children = (
				BA31154524E5B8730012C6A2 /* [72].gif */,
				BA31154624E5B8730012C6A2 /* [64].gif */,
				BA31154724E5B8730012C6A2 /* [68].gif */,
				BA31154824E5B8730012C6A2 /* [69].gif */,
				BA31154924E5B8730012C6A2 /* [65].gif */,
				BA31154A24E5B8730012C6A2 /* [62].gif */,
				BA31154B24E5B8730012C6A2 /* [63].gif */,
				BA31154C24E5B8730012C6A2 /* [61].gif */,
				BA31154D24E5B8730012C6A2 /* [66].gif */,
				BA31154E24E5B8730012C6A2 /* [70].gif */,
				BA31154F24E5B8730012C6A2 /* [71].gif */,
				BA31155024E5B8730012C6A2 /* [67].gif */,
			);
			path = Face_gif;
			sourceTree = "<group>";
		};
		BA31155224E5B8730012C6A2 /* 静态表情 */ = {
			isa = PBXGroup;
			children = (
				BA31155324E5B8730012C6A2 /* [56].png */,
				BA31155424E5B8730012C6A2 /* [17].png */,
				BA31155524E5B8730012C6A2 /* [40].png */,
				BA31155624E5B8730012C6A2 /* [37].png */,
				BA31155724E5B8730012C6A2 /* [60].png */,
				BA31155824E5B8730012C6A2 /* [76].png */,
				BA31155924E5B8730012C6A2 /* [21].png */,
				BA31155A24E5B8730012C6A2 /* [20].png */,
				BA31155B24E5B8730012C6A2 /* [77].png */,
				BA31155C24E5B8730012C6A2 /* [61].png */,
				BA31155D24E5B8730012C6A2 /* [1].png */,
				BA31155E24E5B8730012C6A2 /* [36].png */,
				BA31155F24E5B8730012C6A2 /* LiuqsTextAttachment.h */,
				BA31156024E5B8730012C6A2 /* [41].png */,
				BA31156124E5B8730012C6A2 /* [16].png */,
				BA31156224E5B8730012C6A2 /* [57].png */,
				BA31156324E5B8730012C6A2 /* [31].png */,
				BA31156424E5B8730012C6A2 /* [6].png */,
				BA31156524E5B8730012C6A2 /* [66].png */,
				BA31156624E5B8730012C6A2 /* [70].png */,
				BA31156724E5B8730012C6A2 /* [27].png */,
				BA31156824E5B8730012C6A2 /* [50].png */,
				BA31156924E5B8730012C6A2 /* [11].png */,
				BA31156A24E5B8730012C6A2 /* [46].png */,
				BA31156B24E5B8730012C6A2 /* [47].png */,
				BA31156C24E5B8730012C6A2 /* [10].png */,
				BA31156D24E5B8730012C6A2 /* [51].png */,
				BA31156E24E5B8730012C6A2 /* [26].png */,
				BA31156F24E5B8730012C6A2 /* [71].png */,
				BA31157024E5B8730012C6A2 /* [67].png */,
				BA31157124E5B8730012C6A2 /* [7].png */,
				BA31157224E5B8730012C6A2 /* [30].png */,
				BA31157324E5B8730012C6A2 /* [25].png */,
				BA31157424E5B8730012C6A2 /* [72].png */,
				BA31157524E5B8730012C6A2 /* [64].png */,
				BA31157624E5B8730012C6A2 /* [4].png */,
				BA31157724E5B8730012C6A2 /* [33].png */,
				BA31157824E5B8730012C6A2 /* [48].png */,
				BA31157924E5B8730012C6A2 /* [29].png */,
				BA31157A24E5B8730012C6A2 /* [68].png */,
				BA31157B24E5B8730012C6A2 /* [8].png */,
				BA31157C24E5B8730012C6A2 /* [44].png */,
				BA31157D24E5B8730012C6A2 /* [13].png */,
				BA31157E24E5B8730012C6A2 /* [52].png */,
				BA31157F24E5B8730012C6A2 /* [53].png */,
				BA31158024E5B8730012C6A2 /* [12].png */,
				BA31158124E5B8730012C6A2 /* [45].png */,
				BA31158224E5B8730012C6A2 /* [9].png */,
				BA31158324E5B8730012C6A2 /* [69].png */,
				BA31158424E5B8730012C6A2 /* [28].png */,
				BA31158524E5B8730012C6A2 /* LiuqsTextAttachment.m */,
				BA31158624E5B8730012C6A2 /* [49].png */,
				BA31158724E5B8730012C6A2 /* [32].png */,
				BA31158824E5B8730012C6A2 /* [5].png */,
				BA31158924E5B8730012C6A2 /* [65].png */,
				BA31158A24E5B8730012C6A2 /* [73].png */,
				BA31158B24E5B8730012C6A2 /* [24].png */,
				BA31158C24E5B8730012C6A2 /* [39].png */,
				BA31158D24E5B8730012C6A2 /* [42].png */,
				BA31158E24E5B8730012C6A2 /* [15].png */,
				BA31158F24E5B8730012C6A2 /* [54].png */,
				BA31159024E5B8730012C6A2 /* [23].png */,
				BA31159124E5B8730012C6A2 /* [74].png */,
				BA31159224E5B8730012C6A2 /* [62].png */,
				BA31159324E5B8730012C6A2 /* [2].png */,
				BA31159424E5B8730012C6A2 /* [35].png */,
				BA31159524E5B8730012C6A2 /* [19].png */,
				BA31159624E5B8730012C6A2 /* [58].png */,
				BA31159724E5B8730012C6A2 /* [59].png */,
				BA31159824E5B8730012C6A2 /* [18].png */,
				BA31159924E5B8730012C6A2 /* [34].png */,
				BA31159A24E5B8730012C6A2 /* [3].png */,
				BA31159B24E5B8730012C6A2 /* [63].png */,
				BA31159C24E5B8730012C6A2 /* [75].png */,
				BA31159D24E5B8730012C6A2 /* [22].png */,
				BA31159E24E5B8730012C6A2 /* [55].png */,
				BA31159F24E5B8730012C6A2 /* [14].png */,
				BA3115A024E5B8730012C6A2 /* [43].png */,
				BA3115A124E5B8730012C6A2 /* [38].png */,
			);
			path = "静态表情";
			sourceTree = "<group>";
		};
		BA3115A324E5B8730012C6A2 /* gif超清 */ = {
			isa = PBXGroup;
			children = (
				BA3115A424E5B8730012C6A2 /* 2_14.gif */,
				BA3115A524E5B8730012C6A2 /* 2_2.gif */,
				BA3115A624E5B8730012C6A2 /* 2_3.gif */,
				BA3115A724E5B8730012C6A2 /* 2_15.gif */,
				BA3115A824E5B8730012C6A2 /* 2_17.gif */,
				BA3115A924E5B8730012C6A2 /* 2_1.gif */,
				BA3115AA24E5B8730012C6A2 /* 2_16.gif */,
				BA3115AB24E5B8730012C6A2 /* 2_12.gif */,
				BA3115AC24E5B8730012C6A2 /* 2_4.gif */,
				BA3115AE24E5B8730012C6A2 /* 2_5.gif */,
				BA3115AF24E5B8730012C6A2 /* 2_13.gif */,
				BA3115B024E5B8730012C6A2 /* 2_11.gif */,
				BA3115B124E5B8730012C6A2 /* 2_7.gif */,
				BA3115B224E5B8730012C6A2 /* 2_6.gif */,
				BA3115B324E5B8730012C6A2 /* 2_10.gif */,
				BA3115B424E5B8730012C6A2 /* 2_8.gif */,
				BA3115B524E5B8730012C6A2 /* 2_9.gif */,
				BA3115B624E5B8730012C6A2 /* 2_18.gif */,
			);
			path = "gif超清";
			sourceTree = "<group>";
		};
		BA31163E24F2D8CE0012C6A2 /* ViewModel */ = {
			isa = PBXGroup;
			children = (
				E8E5C1BA24E64E6A001C6509 /* WSBChatViewModel.swift */,
				BA31163C24F2D8B00012C6A2 /* WSBChatMessageCellModel.swift */,
			);
			path = ViewModel;
			sourceTree = "<group>";
		};
		BA31163F24F2D9500012C6A2 /* Model */ = {
			isa = PBXGroup;
			children = (
				BA31163524E5BE2E0012C6A2 /* WSBChatMessage.swift */,
			);
			path = Model;
			sourceTree = "<group>";
		};
		BA55BBA524D1D3BB00FF3ADD = {
			isa = PBXGroup;
			children = (
				BA55BBB024D1D3BB00FF3ADD /* WSBoyChat */,
				BA55BBC524D1D3BC00FF3ADD /* WSBoyChatTests */,
				BA55BBD024D1D3BC00FF3ADD /* WSBoyChatUITests */,
				BA55BBAF24D1D3BB00FF3ADD /* Products */,
				D5F6AD592D99F7CCD3736454 /* Pods */,
				71FC6B0C063F19C44D9D0559 /* Frameworks */,
			);
			sourceTree = "<group>";
		};
		BA55BBAF24D1D3BB00FF3ADD /* Products */ = {
			isa = PBXGroup;
			children = (
				BA55BBAE24D1D3BB00FF3ADD /* WSBoyChat.app */,
				BA55BBC224D1D3BC00FF3ADD /* WSBoyChatTests.xctest */,
				BA55BBCD24D1D3BC00FF3ADD /* WSBoyChatUITests.xctest */,
			);
			name = Products;
			sourceTree = "<group>";
		};
		BA55BBB024D1D3BB00FF3ADD /* WSBoyChat */ = {
			isa = PBXGroup;
			children = (
				BA31163024E5BB2B0012C6A2 /* UIImage+Extension.swift */,
				BA31162E24E5B8F70012C6A2 /* LiuqsDefines.swift */,
				BA31154324E5B8730012C6A2 /* LiuqsEmotions */,
				BA55BBB124D1D3BB00FF3ADD /* AppDelegate.swift */,
				BA55BBB324D1D3BB00FF3ADD /* ViewController.swift */,
				E8C39FDD24DC3719008CA24D /* Utility */,
				BA55BBB524D1D3BB00FF3ADD /* Main.storyboard */,
				BA55BBB824D1D3BC00FF3ADD /* Assets.xcassets */,
				BA55BBBA24D1D3BC00FF3ADD /* LaunchScreen.storyboard */,
				BA55BBBD24D1D3BC00FF3ADD /* Info.plist */,
				E8C3FD3A24D9AD4E008CA24D /* Login */,
				E8E5C1B924E64D9D001C6509 /* FSUIKit */,
				E8C392D824DC3472008CA24D /* Register */,
				BA31153724E5B8090012C6A2 /* Chat */,
			);
			path = WSBoyChat;
			sourceTree = "<group>";
		};
		BA55BBC524D1D3BC00FF3ADD /* WSBoyChatTests */ = {
			isa = PBXGroup;
			children = (
				BA55BBC624D1D3BC00FF3ADD /* WSBoyChatTests.swift */,
				BA55BBC824D1D3BC00FF3ADD /* Info.plist */,
			);
			path = WSBoyChatTests;
			sourceTree = "<group>";
		};
		BA55BBD024D1D3BC00FF3ADD /* WSBoyChatUITests */ = {
			isa = PBXGroup;
			children = (
				BA55BBD124D1D3BC00FF3ADD /* WSBoyChatUITests.swift */,
				BA55BBD324D1D3BC00FF3ADD /* Info.plist */,
			);
			path = WSBoyChatUITests;
			sourceTree = "<group>";
		};
		D5F6AD592D99F7CCD3736454 /* Pods */ = {
			isa = PBXGroup;
			children = (
				2F36BB5EA82CF288FDD2F50B /* Pods-WSBoyChat.debug.xcconfig */,
				78C307527C1DD75BC313D4C7 /* Pods-WSBoyChat.release.xcconfig */,
				C1478BF06E7FA1B2AEEA41F8 /* Pods-WSBoyChat-WSBoyChatUITests.debug.xcconfig */,
				90C8C8CBC440987B16661A3D /* Pods-WSBoyChat-WSBoyChatUITests.release.xcconfig */,
				796878AD40038EFB289E8051 /* Pods-WSBoyChatTests.debug.xcconfig */,
				0A4AFBB9995EA71B6E94003F /* Pods-WSBoyChatTests.release.xcconfig */,
			);
			path = Pods;
			sourceTree = "<group>";
		};
		E8C392D824DC3472008CA24D /* Register */ = {
			isa = PBXGroup;
			children = (
				E8C392D624DC3466008CA24D /* WSBUserRegisterViewController.swift */,
				E8C3ACD024DC3D83008CA24D /* WSBUserRegisterViewModel.swift */,
				E8C3B9C224DC43A8008CA24D /* WSBURL.swift */,
			);
			path = Register;
			sourceTree = "<group>";
		};
		E8C39FDD24DC3719008CA24D /* Utility */ = {
			isa = PBXGroup;
			children = (
				E8C3266624DAE3A8008CA24D /* UIView+CGRect.swift */,
				E8C3336E24DBE7AB008CA24D /* UIColor+Extension.swift */,
				E8C3266824DAEE2B008CA24D /* Utility.swift */,
				E8C39FDE24DC373B008CA24D /* UIViewController+Router.swift */,
			);
			path = Utility;
			sourceTree = "<group>";
		};
		E8C3FD3A24D9AD4E008CA24D /* Login */ = {
			isa = PBXGroup;
			children = (
				BA3116482506A4240012C6A2 /* Protected.swift */,
				BA3116462506A3B70012C6A2 /* NetworkReachabilityManager.swift */,
				E8C3FD3624D9AD2E008CA24D /* WSBLoginViewController.swift */,
				E8C3FD3824D9AD44008CA24D /* WSBLoginViewModel.swift */,
				E8C3337024DBF86A008CA24D /* WSBLoginInputView.swift */,
				E8C3783E24DC2E93008CA24D /* WSBLoginService.swift */,
			);
			path = Login;
			sourceTree = "<group>";
		};
		E8E5C1B924E64D9D001C6509 /* FSUIKit */ = {
			isa = PBXGroup;
			children = (
				BA31163824F184E70012C6A2 /* FSWebImageView.swift */,
				E8E5C1BC24E64F53001C6509 /* FSToaster.swift */,
				E8C3FD3B24DA732C008CA24D /* WSBNavigationViewController.swift */,
				E8C3266224DADDF3008CA24D /* WSBBaseViewController.swift */,
				E8C3266424DAE33E008CA24D /* WSBNavigationBar.swift */,
				BA31163A24F185FB0012C6A2 /* WSBWebImageView.swift */,
				E884485024F664730070C963 /* FSArrowView.swift */,
			);
			path = FSUIKit;
			sourceTree = "<group>";
		};
/* End PBXGroup section */

/* Begin PBXNativeTarget section */
		BA55BBAD24D1D3BB00FF3ADD /* WSBoyChat */ = {
			isa = PBXNativeTarget;
			buildConfigurationList = BA55BBD624D1D3BC00FF3ADD /* Build configuration list for PBXNativeTarget "WSBoyChat" */;
			buildPhases = (
				ACB68D48673F054FB75A5995 /* [CP] Check Pods Manifest.lock */,
				BA55BBAA24D1D3BB00FF3ADD /* Sources */,
				BA55BBAB24D1D3BB00FF3ADD /* Frameworks */,
				BA55BBAC24D1D3BB00FF3ADD /* Resources */,
				92422A8AE73B779F0C40E6C8 /* [CP] Embed Pods Frameworks */,
			);
			buildRules = (
			);
			dependencies = (
			);
			name = WSBoyChat;
			productName = WSBoyChat;
			productReference = BA55BBAE24D1D3BB00FF3ADD /* WSBoyChat.app */;
			productType = "com.apple.product-type.application";
		};
		BA55BBC124D1D3BC00FF3ADD /* WSBoyChatTests */ = {
			isa = PBXNativeTarget;
			buildConfigurationList = BA55BBD924D1D3BC00FF3ADD /* Build configuration list for PBXNativeTarget "WSBoyChatTests" */;
			buildPhases = (
				2A27DB9AE0CE6F78D66DE5B3 /* [CP] Check Pods Manifest.lock */,
				BA55BBBE24D1D3BC00FF3ADD /* Sources */,
				BA55BBBF24D1D3BC00FF3ADD /* Frameworks */,
				BA55BBC024D1D3BC00FF3ADD /* Resources */,
			);
			buildRules = (
			);
			dependencies = (
				BA55BBC424D1D3BC00FF3ADD /* PBXTargetDependency */,
			);
			name = WSBoyChatTests;
			productName = WSBoyChatTests;
			productReference = BA55BBC224D1D3BC00FF3ADD /* WSBoyChatTests.xctest */;
			productType = "com.apple.product-type.bundle.unit-test";
		};
		BA55BBCC24D1D3BC00FF3ADD /* WSBoyChatUITests */ = {
			isa = PBXNativeTarget;
			buildConfigurationList = BA55BBDC24D1D3BC00FF3ADD /* Build configuration list for PBXNativeTarget "WSBoyChatUITests" */;
			buildPhases = (
				B8A5B6997DFA86F15325BA3E /* [CP] Check Pods Manifest.lock */,
				BA55BBC924D1D3BC00FF3ADD /* Sources */,
				BA55BBCA24D1D3BC00FF3ADD /* Frameworks */,
				BA55BBCB24D1D3BC00FF3ADD /* Resources */,
				F2C880DBD7ACC5E8C5CC5F31 /* [CP] Embed Pods Frameworks */,
			);
			buildRules = (
			);
			dependencies = (
				BA55BBCF24D1D3BC00FF3ADD /* PBXTargetDependency */,
			);
			name = WSBoyChatUITests;
			productName = WSBoyChatUITests;
			productReference = BA55BBCD24D1D3BC00FF3ADD /* WSBoyChatUITests.xctest */;
			productType = "com.apple.product-type.bundle.ui-testing";
		};
/* End PBXNativeTarget section */

/* Begin PBXProject section */
		BA55BBA624D1D3BB00FF3ADD /* Project object */ = {
			isa = PBXProject;
			attributes = {
				LastSwiftUpdateCheck = 1020;
				LastUpgradeCheck = 1020;
				ORGANIZATIONNAME = zhichang.he;
				TargetAttributes = {
					BA55BBAD24D1D3BB00FF3ADD = {
						CreatedOnToolsVersion = 10.2.1;
					};
					BA55BBC124D1D3BC00FF3ADD = {
						CreatedOnToolsVersion = 10.2.1;
						TestTargetID = BA55BBAD24D1D3BB00FF3ADD;
					};
					BA55BBCC24D1D3BC00FF3ADD = {
						CreatedOnToolsVersion = 10.2.1;
						TestTargetID = BA55BBAD24D1D3BB00FF3ADD;
					};
				};
			};
			buildConfigurationList = BA55BBA924D1D3BB00FF3ADD /* Build configuration list for PBXProject "WSBoyChat" */;
			compatibilityVersion = "Xcode 9.3";
			developmentRegion = en;
			hasScannedForEncodings = 0;
			knownRegions = (
				en,
				Base,
			);
			mainGroup = BA55BBA524D1D3BB00FF3ADD;
			productRefGroup = BA55BBAF24D1D3BB00FF3ADD /* Products */;
			projectDirPath = "";
			projectRoot = "";
			targets = (
				BA55BBAD24D1D3BB00FF3ADD /* WSBoyChat */,
				BA55BBC124D1D3BC00FF3ADD /* WSBoyChatTests */,
				BA55BBCC24D1D3BC00FF3ADD /* WSBoyChatUITests */,
			);
		};
/* End PBXProject section */

/* Begin PBXResourcesBuildPhase section */
		BA55BBAC24D1D3BB00FF3ADD /* Resources */ = {
			isa = PBXResourcesBuildPhase;
			buildActionMask = 2147483647;
			files = (
				BA31160824E5B8730012C6A2 /* [35].png in Resources */,
				BA31162124E5B8730012C6A2 /* 2_5.gif in Resources */,
				BA31162724E5B8730012C6A2 /* 2_8.gif in Resources */,
				BA3115FB24E5B8730012C6A2 /* [32].png in Resources */,
				BA31160124E5B8730012C6A2 /* [42].png in Resources */,
				BA31160624E5B8730012C6A2 /* [62].png in Resources */,
				BA3115D124E5B8730012C6A2 /* [61].png in Resources */,
				BA31161B24E5B8730012C6A2 /* 2_17.gif in Resources */,
				BA31160724E5B8730012C6A2 /* [2].png in Resources */,
				BA3115CB24E5B8730012C6A2 /* [37].png in Resources */,
				BA3115C824E5B8730012C6A2 /* [56].png in Resources */,
				BA3115CF24E5B8730012C6A2 /* [20].png in Resources */,
				BA31160B24E5B8730012C6A2 /* [59].png in Resources */,
				BA55BBBC24D1D3BC00FF3ADD /* LaunchScreen.storyboard in Resources */,
				BA3115C624E5B8730012C6A2 /* [67].gif in Resources */,
				BA31160F24E5B8730012C6A2 /* [63].png in Resources */,
				BA31161E24E5B8730012C6A2 /* 2_12.gif in Resources */,
				BA3115F424E5B8730012C6A2 /* [12].png in Resources */,
				BA3115E624E5B8730012C6A2 /* [30].png in Resources */,
				BA3115FF24E5B8730012C6A2 /* [24].png in Resources */,
				BA3115F024E5B8730012C6A2 /* [44].png in Resources */,
				BA31160224E5B8730012C6A2 /* [15].png in Resources */,
				BA3115ED24E5B8730012C6A2 /* [29].png in Resources */,
				BA3115D024E5B8730012C6A2 /* [77].png in Resources */,
				BA3115D924E5B8730012C6A2 /* [66].png in Resources */,
				BA3115C124E5B8730012C6A2 /* [63].gif in Resources */,
				BA3115EA24E5B8730012C6A2 /* [4].png in Resources */,
				BA3115F324E5B8730012C6A2 /* [53].png in Resources */,
				BA31161424E5B8730012C6A2 /* [43].png in Resources */,
				BA3115CC24E5B8730012C6A2 /* [60].png in Resources */,
				BA3115E424E5B8730012C6A2 /* [67].png in Resources */,
				BA3115FC24E5B8730012C6A2 /* [5].png in Resources */,
				BA31161F24E5B8730012C6A2 /* 2_4.gif in Resources */,
				BA31161124E5B8730012C6A2 /* [22].png in Resources */,
				BA31162624E5B8730012C6A2 /* 2_10.gif in Resources */,
				BA3115DC24E5B8730012C6A2 /* [50].png in Resources */,
				BA3115F524E5B8730012C6A2 /* [45].png in Resources */,
				BA31160524E5B8730012C6A2 /* [74].png in Resources */,
				BA31162924E5B8730012C6A2 /* 2_18.gif in Resources */,
				BA3115E224E5B8730012C6A2 /* [26].png in Resources */,
				BA3115FD24E5B8730012C6A2 /* [65].png in Resources */,
				BA3115CE24E5B8730012C6A2 /* [21].png in Resources */,
				BA55BBB924D1D3BC00FF3ADD /* Assets.xcassets in Resources */,
				BA3115BC24E5B8730012C6A2 /* [64].gif in Resources */,
				BA3115D424E5B8730012C6A2 /* [41].png in Resources */,
				BA31161724E5B8730012C6A2 /* 2_14.gif in Resources */,
				BA3115D524E5B8730012C6A2 /* [16].png in Resources */,
				BA31160E24E5B8730012C6A2 /* [3].png in Resources */,
				BA3115E524E5B8730012C6A2 /* [7].png in Resources */,
				BA3115BE24E5B8730012C6A2 /* [69].gif in Resources */,
				BA3115E924E5B8730012C6A2 /* [64].png in Resources */,
				BA31162424E5B8730012C6A2 /* 2_7.gif in Resources */,
				BA3115CA24E5B8730012C6A2 /* [40].png in Resources */,
				BA31160024E5B8730012C6A2 /* [39].png in Resources */,
				BA31161924E5B8730012C6A2 /* 2_3.gif in Resources */,
				BA3115BD24E5B8730012C6A2 /* [68].gif in Resources */,
				BA31161C24E5B8730012C6A2 /* 2_1.gif in Resources */,
				BA31162C24E5B8730012C6A2 /* LiuqsGifEmoji.plist in Resources */,
				BA31162224E5B8730012C6A2 /* 2_13.gif in Resources */,
				BA31162A24E5B8730012C6A2 /* LiuqsEmoji.plist in Resources */,
				BA31161524E5B8730012C6A2 /* [38].png in Resources */,
				BA31160424E5B8730012C6A2 /* [23].png in Resources */,
				BA3115DA24E5B8730012C6A2 /* [70].png in Resources */,
				BA31161024E5B8730012C6A2 /* [75].png in Resources */,
				BA3115BF24E5B8730012C6A2 /* [65].gif in Resources */,
				BA3115EC24E5B8730012C6A2 /* [48].png in Resources */,
				BA3115F124E5B8730012C6A2 /* [13].png in Resources */,
				BA3115C324E5B8730012C6A2 /* [66].gif in Resources */,
				BA3115C924E5B8730012C6A2 /* [17].png in Resources */,
				BA3115C524E5B8730012C6A2 /* [71].gif in Resources */,
				BA31160D24E5B8730012C6A2 /* [34].png in Resources */,
				BA3115E724E5B8730012C6A2 /* [25].png in Resources */,
				BA31161324E5B8730012C6A2 /* [14].png in Resources */,
				BA3115EE24E5B8730012C6A2 /* [68].png in Resources */,
				BA31160C24E5B8730012C6A2 /* [18].png in Resources */,
				BA3115E024E5B8730012C6A2 /* [10].png in Resources */,
				BA3115DF24E5B8730012C6A2 /* [47].png in Resources */,
				BA31160A24E5B8730012C6A2 /* [58].png in Resources */,
				BA31160324E5B8730012C6A2 /* [54].png in Resources */,
				BA31161224E5B8730012C6A2 /* [55].png in Resources */,
				BA3115E324E5B8730012C6A2 /* [71].png in Resources */,
				BA3115CD24E5B8730012C6A2 /* [76].png in Resources */,
				BA3115F624E5B8730012C6A2 /* [9].png in Resources */,
				BA3115FE24E5B8730012C6A2 /* [73].png in Resources */,
				BA31162824E5B8730012C6A2 /* 2_9.gif in Resources */,
				BA3115F824E5B8730012C6A2 /* [28].png in Resources */,
				BA31161D24E5B8730012C6A2 /* 2_16.gif in Resources */,
				BA3115EF24E5B8730012C6A2 /* [8].png in Resources */,
				BA31161A24E5B8730012C6A2 /* 2_15.gif in Resources */,
				BA3115FA24E5B8730012C6A2 /* [49].png in Resources */,
				BA3115F224E5B8730012C6A2 /* [52].png in Resources */,
				BA3115F724E5B8730012C6A2 /* [69].png in Resources */,
				BA3115D324E5B8730012C6A2 /* [36].png in Resources */,
				BA31161824E5B8730012C6A2 /* 2_2.gif in Resources */,
				BA3115BB24E5B8730012C6A2 /* [72].gif in Resources */,
				BA31162524E5B8730012C6A2 /* 2_6.gif in Resources */,
				BA3115C024E5B8730012C6A2 /* [62].gif in Resources */,
				BA55BBB724D1D3BB00FF3ADD /* Main.storyboard in Resources */,
				BA31162324E5B8730012C6A2 /* 2_11.gif in Resources */,
				BA3115DB24E5B8730012C6A2 /* [27].png in Resources */,
				BA31160924E5B8730012C6A2 /* [19].png in Resources */,
				BA3115D724E5B8730012C6A2 /* [31].png in Resources */,
				BA3115C724E5B8730012C6A2 /* LiuqsEmotionTags.plist in Resources */,
				BA3115DD24E5B8730012C6A2 /* [11].png in Resources */,
				BA3115E824E5B8730012C6A2 /* [72].png in Resources */,
				BA3115C224E5B8730012C6A2 /* [61].gif in Resources */,
				BA3115D824E5B8730012C6A2 /* [6].png in Resources */,
				BA3115C424E5B8730012C6A2 /* [70].gif in Resources */,
				BA3115E124E5B8730012C6A2 /* [51].png in Resources */,
				BA3115DE24E5B8730012C6A2 /* [46].png in Resources */,
				BA3115EB24E5B8730012C6A2 /* [33].png in Resources */,
				BA3115D224E5B8730012C6A2 /* [1].png in Resources */,
				BA3115D624E5B8730012C6A2 /* [57].png in Resources */,
			);
			runOnlyForDeploymentPostprocessing = 0;
		};
		BA55BBC024D1D3BC00FF3ADD /* Resources */ = {
			isa = PBXResourcesBuildPhase;
			buildActionMask = 2147483647;
			files = (
			);
			runOnlyForDeploymentPostprocessing = 0;
		};
		BA55BBCB24D1D3BC00FF3ADD /* Resources */ = {
			isa = PBXResourcesBuildPhase;
			buildActionMask = 2147483647;
			files = (
			);
			runOnlyForDeploymentPostprocessing = 0;
		};
/* End PBXResourcesBuildPhase section */

/* Begin PBXShellScriptBuildPhase section */
		2A27DB9AE0CE6F78D66DE5B3 /* [CP] Check Pods Manifest.lock */ = {
			isa = PBXShellScriptBuildPhase;
			buildActionMask = 2147483647;
			files = (
			);
			inputFileListPaths = (
			);
			inputPaths = (
				"${PODS_PODFILE_DIR_PATH}/Podfile.lock",
				"${PODS_ROOT}/Manifest.lock",
			);
			name = "[CP] Check Pods Manifest.lock";
			outputFileListPaths = (
			);
			outputPaths = (
				"$(DERIVED_FILE_DIR)/Pods-WSBoyChatTests-checkManifestLockResult.txt",
			);
			runOnlyForDeploymentPostprocessing = 0;
			shellPath = /bin/sh;
			shellScript = "diff \"${PODS_PODFILE_DIR_PATH}/Podfile.lock\" \"${PODS_ROOT}/Manifest.lock\" > /dev/null\nif [ $? != 0 ] ; then\n    # print error to STDERR\n    echo \"error: The sandbox is not in sync with the Podfile.lock. Run 'pod install' or update your CocoaPods installation.\" >&2\n    exit 1\nfi\n# This output is used by Xcode 'outputs' to avoid re-running this script phase.\necho \"SUCCESS\" > \"${SCRIPT_OUTPUT_FILE_0}\"\n";
			showEnvVarsInLog = 0;
		};
		92422A8AE73B779F0C40E6C8 /* [CP] Embed Pods Frameworks */ = {
			isa = PBXShellScriptBuildPhase;
			buildActionMask = 2147483647;
			files = (
			);
			inputFileListPaths = (
				"${PODS_ROOT}/Target Support Files/Pods-WSBoyChat/Pods-WSBoyChat-frameworks-${CONFIGURATION}-input-files.xcfilelist",
			);
			name = "[CP] Embed Pods Frameworks";
			outputFileListPaths = (
				"${PODS_ROOT}/Target Support Files/Pods-WSBoyChat/Pods-WSBoyChat-frameworks-${CONFIGURATION}-output-files.xcfilelist",
			);
			runOnlyForDeploymentPostprocessing = 0;
			shellPath = /bin/sh;
			shellScript = "\"${PODS_ROOT}/Target Support Files/Pods-WSBoyChat/Pods-WSBoyChat-frameworks.sh\"\n";
			showEnvVarsInLog = 0;
		};
		ACB68D48673F054FB75A5995 /* [CP] Check Pods Manifest.lock */ = {
			isa = PBXShellScriptBuildPhase;
			buildActionMask = 2147483647;
			files = (
			);
			inputFileListPaths = (
			);
			inputPaths = (
				"${PODS_PODFILE_DIR_PATH}/Podfile.lock",
				"${PODS_ROOT}/Manifest.lock",
			);
			name = "[CP] Check Pods Manifest.lock";
			outputFileListPaths = (
			);
			outputPaths = (
				"$(DERIVED_FILE_DIR)/Pods-WSBoyChat-checkManifestLockResult.txt",
			);
			runOnlyForDeploymentPostprocessing = 0;
			shellPath = /bin/sh;
			shellScript = "diff \"${PODS_PODFILE_DIR_PATH}/Podfile.lock\" \"${PODS_ROOT}/Manifest.lock\" > /dev/null\nif [ $? != 0 ] ; then\n    # print error to STDERR\n    echo \"error: The sandbox is not in sync with the Podfile.lock. Run 'pod install' or update your CocoaPods installation.\" >&2\n    exit 1\nfi\n# This output is used by Xcode 'outputs' to avoid re-running this script phase.\necho \"SUCCESS\" > \"${SCRIPT_OUTPUT_FILE_0}\"\n";
			showEnvVarsInLog = 0;
		};
		B8A5B6997DFA86F15325BA3E /* [CP] Check Pods Manifest.lock */ = {
			isa = PBXShellScriptBuildPhase;
			buildActionMask = 2147483647;
			files = (
			);
			inputFileListPaths = (
			);
			inputPaths = (
				"${PODS_PODFILE_DIR_PATH}/Podfile.lock",
				"${PODS_ROOT}/Manifest.lock",
			);
			name = "[CP] Check Pods Manifest.lock";
			outputFileListPaths = (
			);
			outputPaths = (
				"$(DERIVED_FILE_DIR)/Pods-WSBoyChat-WSBoyChatUITests-checkManifestLockResult.txt",
			);
			runOnlyForDeploymentPostprocessing = 0;
			shellPath = /bin/sh;
			shellScript = "diff \"${PODS_PODFILE_DIR_PATH}/Podfile.lock\" \"${PODS_ROOT}/Manifest.lock\" > /dev/null\nif [ $? != 0 ] ; then\n    # print error to STDERR\n    echo \"error: The sandbox is not in sync with the Podfile.lock. Run 'pod install' or update your CocoaPods installation.\" >&2\n    exit 1\nfi\n# This output is used by Xcode 'outputs' to avoid re-running this script phase.\necho \"SUCCESS\" > \"${SCRIPT_OUTPUT_FILE_0}\"\n";
			showEnvVarsInLog = 0;
		};
		F2C880DBD7ACC5E8C5CC5F31 /* [CP] Embed Pods Frameworks */ = {
			isa = PBXShellScriptBuildPhase;
			buildActionMask = 2147483647;
			files = (
			);
			inputFileListPaths = (
				"${PODS_ROOT}/Target Support Files/Pods-WSBoyChat-WSBoyChatUITests/Pods-WSBoyChat-WSBoyChatUITests-frameworks-${CONFIGURATION}-input-files.xcfilelist",
			);
			name = "[CP] Embed Pods Frameworks";
			outputFileListPaths = (
				"${PODS_ROOT}/Target Support Files/Pods-WSBoyChat-WSBoyChatUITests/Pods-WSBoyChat-WSBoyChatUITests-frameworks-${CONFIGURATION}-output-files.xcfilelist",
			);
			runOnlyForDeploymentPostprocessing = 0;
			shellPath = /bin/sh;
			shellScript = "\"${PODS_ROOT}/Target Support Files/Pods-WSBoyChat-WSBoyChatUITests/Pods-WSBoyChat-WSBoyChatUITests-frameworks.sh\"\n";
			showEnvVarsInLog = 0;
		};
/* End PBXShellScriptBuildPhase section */

/* Begin PBXSourcesBuildPhase section */
		BA55BBAA24D1D3BB00FF3ADD /* Sources */ = {
			isa = PBXSourcesBuildPhase;
			buildActionMask = 2147483647;
			files = (
				BA3116472506A3B70012C6A2 /* NetworkReachabilityManager.swift in Sources */,
				BA31162024E5B8730012C6A2 /* WSBToolBarView.swift in Sources */,
				E8C3266324DADDF3008CA24D /* WSBBaseViewController.swift in Sources */,
				BA31164324F56B620012C6A2 /* WSBMessageContentView.swift in Sources */,
				BA55BBB424D1D3BB00FF3ADD /* ViewController.swift in Sources */,
				E8C3337124DBF86A008CA24D /* WSBLoginInputView.swift in Sources */,
				E8C3266924DAEE2B008CA24D /* Utility.swift in Sources */,
				E8C3266724DAE3A8008CA24D /* UIView+CGRect.swift in Sources */,
				E8C3ACD124DC3D83008CA24D /* WSBUserRegisterViewModel.swift in Sources */,
				BA31162D24E5B8730012C6A2 /* LiuqsTextAttachment.swift in Sources */,
				BA31162B24E5B8730012C6A2 /* LiuqsChageEmotionStrTool.swift in Sources */,
				E8E5C1BB24E64E6A001C6509 /* WSBChatViewModel.swift in Sources */,
				BA31162F24E5B8F70012C6A2 /* LiuqsDefines.swift in Sources */,
				BA31161624E5B8730012C6A2 /* LiuqsEmotionKeyBoard.swift in Sources */,
				BA31163924F184E70012C6A2 /* FSWebImageView.swift in Sources */,
				BA55BBB224D1D3BB00FF3ADD /* AppDelegate.swift in Sources */,
				BA31154024E5B8140012C6A2 /* WSBChatMessageCell.swift in Sources */,
				E8C3FD3724D9AD2E008CA24D /* WSBLoginViewController.swift in Sources */,
				BA31164D2506AD6F0012C6A2 /* WSBSelectMoreView.swift in Sources */,
				E8C3FD3C24DA732C008CA24D /* WSBNavigationViewController.swift in Sources */,
				E8C3266524DAE33E008CA24D /* WSBNavigationBar.swift in Sources */,
				E8C3FD3924D9AD44008CA24D /* WSBLoginViewModel.swift in Sources */,
				BA31163724E5BE2E0012C6A2 /* WSBChatMessage.swift in Sources */,
				E884485124F664730070C963 /* FSArrowView.swift in Sources */,
				BA31153624E5B6710012C6A2 /* WSBChatViewController.swift in Sources */,
				BA3116492506A4240012C6A2 /* Protected.swift in Sources */,
				E8C3783F24DC2E93008CA24D /* WSBLoginService.swift in Sources */,
				BA31163124E5BB2B0012C6A2 /* UIImage+Extension.swift in Sources */,
				BA31163B24F185FB0012C6A2 /* WSBWebImageView.swift in Sources */,
				BA31164B2506AD440012C6A2 /* WSBEmotionPickView.swift in Sources */,
				E8E5C1BD24E64F53001C6509 /* FSToaster.swift in Sources */,
				BA3115F924E5B8730012C6A2 /* LiuqsTextAttachment.m in Sources */,
				BA31163D24F2D8B00012C6A2 /* WSBChatMessageCellModel.swift in Sources */,
				E8C3336F24DBE7AB008CA24D /* UIColor+Extension.swift in Sources */,
				E8C3B9C324DC43A8008CA24D /* WSBURL.swift in Sources */,
				E8C39FDF24DC373B008CA24D /* UIViewController+Router.swift in Sources */,
				E8C392D724DC3466008CA24D /* WSBUserRegisterViewController.swift in Sources */,
				BA31164124F2DB530012C6A2 /* UIView+Frame.swift in Sources */,
			);
			runOnlyForDeploymentPostprocessing = 0;
		};
		BA55BBBE24D1D3BC00FF3ADD /* Sources */ = {
			isa = PBXSourcesBuildPhase;
			buildActionMask = 2147483647;
			files = (
				BA55BBC724D1D3BC00FF3ADD /* WSBoyChatTests.swift in Sources */,
			);
			runOnlyForDeploymentPostprocessing = 0;
		};
		BA55BBC924D1D3BC00FF3ADD /* Sources */ = {
			isa = PBXSourcesBuildPhase;
			buildActionMask = 2147483647;
			files = (
				BA55BBD224D1D3BC00FF3ADD /* WSBoyChatUITests.swift in Sources */,
			);
			runOnlyForDeploymentPostprocessing = 0;
		};
/* End PBXSourcesBuildPhase section */

/* Begin PBXTargetDependency section */
		BA55BBC424D1D3BC00FF3ADD /* PBXTargetDependency */ = {
			isa = PBXTargetDependency;
			target = BA55BBAD24D1D3BB00FF3ADD /* WSBoyChat */;
			targetProxy = BA55BBC324D1D3BC00FF3ADD /* PBXContainerItemProxy */;
		};
		BA55BBCF24D1D3BC00FF3ADD /* PBXTargetDependency */ = {
			isa = PBXTargetDependency;
			target = BA55BBAD24D1D3BB00FF3ADD /* WSBoyChat */;
			targetProxy = BA55BBCE24D1D3BC00FF3ADD /* PBXContainerItemProxy */;
		};
/* End PBXTargetDependency section */

/* Begin PBXVariantGroup section */
		BA55BBB524D1D3BB00FF3ADD /* Main.storyboard */ = {
			isa = PBXVariantGroup;
			children = (
				BA55BBB624D1D3BB00FF3ADD /* Base */,
			);
			name = Main.storyboard;
			sourceTree = "<group>";
		};
		BA55BBBA24D1D3BC00FF3ADD /* LaunchScreen.storyboard */ = {
			isa = PBXVariantGroup;
			children = (
				BA55BBBB24D1D3BC00FF3ADD /* Base */,
			);
			name = LaunchScreen.storyboard;
			sourceTree = "<group>";
		};
/* End PBXVariantGroup section */

/* Begin XCBuildConfiguration section */
		BA55BBD424D1D3BC00FF3ADD /* Debug */ = {
			isa = XCBuildConfiguration;
			buildSettings = {
				ALWAYS_SEARCH_USER_PATHS = NO;
				CLANG_ANALYZER_NONNULL = YES;
				CLANG_ANALYZER_NUMBER_OBJECT_CONVERSION = YES_AGGRESSIVE;
				CLANG_CXX_LANGUAGE_STANDARD = "gnu++14";
				CLANG_CXX_LIBRARY = "libc++";
				CLANG_ENABLE_MODULES = YES;
				CLANG_ENABLE_OBJC_ARC = YES;
				CLANG_ENABLE_OBJC_WEAK = YES;
				CLANG_WARN_BLOCK_CAPTURE_AUTORELEASING = YES;
				CLANG_WARN_BOOL_CONVERSION = YES;
				CLANG_WARN_COMMA = YES;
				CLANG_WARN_CONSTANT_CONVERSION = YES;
				CLANG_WARN_DEPRECATED_OBJC_IMPLEMENTATIONS = YES;
				CLANG_WARN_DIRECT_OBJC_ISA_USAGE = YES_ERROR;
				CLANG_WARN_DOCUMENTATION_COMMENTS = YES;
				CLANG_WARN_EMPTY_BODY = YES;
				CLANG_WARN_ENUM_CONVERSION = YES;
				CLANG_WARN_INFINITE_RECURSION = YES;
				CLANG_WARN_INT_CONVERSION = YES;
				CLANG_WARN_NON_LITERAL_NULL_CONVERSION = YES;
				CLANG_WARN_OBJC_IMPLICIT_RETAIN_SELF = YES;
				CLANG_WARN_OBJC_LITERAL_CONVERSION = YES;
				CLANG_WARN_OBJC_ROOT_CLASS = YES_ERROR;
				CLANG_WARN_RANGE_LOOP_ANALYSIS = YES;
				CLANG_WARN_STRICT_PROTOTYPES = YES;
				CLANG_WARN_SUSPICIOUS_MOVE = YES;
				CLANG_WARN_UNGUARDED_AVAILABILITY = YES_AGGRESSIVE;
				CLANG_WARN_UNREACHABLE_CODE = YES;
				CLANG_WARN__DUPLICATE_METHOD_MATCH = YES;
				CODE_SIGN_IDENTITY = "iPhone Developer";
				COPY_PHASE_STRIP = NO;
				DEBUG_INFORMATION_FORMAT = dwarf;
				ENABLE_STRICT_OBJC_MSGSEND = YES;
				ENABLE_TESTABILITY = YES;
				GCC_C_LANGUAGE_STANDARD = gnu11;
				GCC_DYNAMIC_NO_PIC = NO;
				GCC_NO_COMMON_BLOCKS = YES;
				GCC_OPTIMIZATION_LEVEL = 0;
				GCC_PREPROCESSOR_DEFINITIONS = (
					"DEBUG=1",
					"$(inherited)",
				);
				GCC_WARN_64_TO_32_BIT_CONVERSION = YES;
				GCC_WARN_ABOUT_RETURN_TYPE = YES_ERROR;
				GCC_WARN_UNDECLARED_SELECTOR = YES;
				GCC_WARN_UNINITIALIZED_AUTOS = YES_AGGRESSIVE;
				GCC_WARN_UNUSED_FUNCTION = YES;
				GCC_WARN_UNUSED_VARIABLE = YES;
				IPHONEOS_DEPLOYMENT_TARGET = 12.2;
				MTL_ENABLE_DEBUG_INFO = INCLUDE_SOURCE;
				MTL_FAST_MATH = YES;
				ONLY_ACTIVE_ARCH = YES;
				SDKROOT = iphoneos;
				SWIFT_ACTIVE_COMPILATION_CONDITIONS = DEBUG;
				SWIFT_OPTIMIZATION_LEVEL = "-Onone";
			};
			name = Debug;
		};
		BA55BBD524D1D3BC00FF3ADD /* Release */ = {
			isa = XCBuildConfiguration;
			buildSettings = {
				ALWAYS_SEARCH_USER_PATHS = NO;
				CLANG_ANALYZER_NONNULL = YES;
				CLANG_ANALYZER_NUMBER_OBJECT_CONVERSION = YES_AGGRESSIVE;
				CLANG_CXX_LANGUAGE_STANDARD = "gnu++14";
				CLANG_CXX_LIBRARY = "libc++";
				CLANG_ENABLE_MODULES = YES;
				CLANG_ENABLE_OBJC_ARC = YES;
				CLANG_ENABLE_OBJC_WEAK = YES;
				CLANG_WARN_BLOCK_CAPTURE_AUTORELEASING = YES;
				CLANG_WARN_BOOL_CONVERSION = YES;
				CLANG_WARN_COMMA = YES;
				CLANG_WARN_CONSTANT_CONVERSION = YES;
				CLANG_WARN_DEPRECATED_OBJC_IMPLEMENTATIONS = YES;
				CLANG_WARN_DIRECT_OBJC_ISA_USAGE = YES_ERROR;
				CLANG_WARN_DOCUMENTATION_COMMENTS = YES;
				CLANG_WARN_EMPTY_BODY = YES;
				CLANG_WARN_ENUM_CONVERSION = YES;
				CLANG_WARN_INFINITE_RECURSION = YES;
				CLANG_WARN_INT_CONVERSION = YES;
				CLANG_WARN_NON_LITERAL_NULL_CONVERSION = YES;
				CLANG_WARN_OBJC_IMPLICIT_RETAIN_SELF = YES;
				CLANG_WARN_OBJC_LITERAL_CONVERSION = YES;
				CLANG_WARN_OBJC_ROOT_CLASS = YES_ERROR;
				CLANG_WARN_RANGE_LOOP_ANALYSIS = YES;
				CLANG_WARN_STRICT_PROTOTYPES = YES;
				CLANG_WARN_SUSPICIOUS_MOVE = YES;
				CLANG_WARN_UNGUARDED_AVAILABILITY = YES_AGGRESSIVE;
				CLANG_WARN_UNREACHABLE_CODE = YES;
				CLANG_WARN__DUPLICATE_METHOD_MATCH = YES;
				CODE_SIGN_IDENTITY = "iPhone Developer";
				COPY_PHASE_STRIP = NO;
				DEBUG_INFORMATION_FORMAT = "dwarf-with-dsym";
				ENABLE_NS_ASSERTIONS = NO;
				ENABLE_STRICT_OBJC_MSGSEND = YES;
				GCC_C_LANGUAGE_STANDARD = gnu11;
				GCC_NO_COMMON_BLOCKS = YES;
				GCC_WARN_64_TO_32_BIT_CONVERSION = YES;
				GCC_WARN_ABOUT_RETURN_TYPE = YES_ERROR;
				GCC_WARN_UNDECLARED_SELECTOR = YES;
				GCC_WARN_UNINITIALIZED_AUTOS = YES_AGGRESSIVE;
				GCC_WARN_UNUSED_FUNCTION = YES;
				GCC_WARN_UNUSED_VARIABLE = YES;
				IPHONEOS_DEPLOYMENT_TARGET = 12.2;
				MTL_ENABLE_DEBUG_INFO = NO;
				MTL_FAST_MATH = YES;
				SDKROOT = iphoneos;
				SWIFT_COMPILATION_MODE = wholemodule;
				SWIFT_OPTIMIZATION_LEVEL = "-O";
				VALIDATE_PRODUCT = YES;
			};
			name = Release;
		};
		BA55BBD724D1D3BC00FF3ADD /* Debug */ = {
			isa = XCBuildConfiguration;
			baseConfigurationReference = 2F36BB5EA82CF288FDD2F50B /* Pods-WSBoyChat.debug.xcconfig */;
			buildSettings = {
				ASSETCATALOG_COMPILER_APPICON_NAME = AppIcon;
				CODE_SIGN_STYLE = Automatic;
				INFOPLIST_FILE = WSBoyChat/Info.plist;
				LD_RUNPATH_SEARCH_PATHS = (
					"$(inherited)",
					"@executable_path/Frameworks",
				);
				PRODUCT_BUNDLE_IDENTIFIER = zhichang.he.WSBoyChat;
				PRODUCT_NAME = "$(TARGET_NAME)";
				SWIFT_VERSION = 5.0;
				TARGETED_DEVICE_FAMILY = "1,2";
			};
			name = Debug;
		};
		BA55BBD824D1D3BC00FF3ADD /* Release */ = {
			isa = XCBuildConfiguration;
			baseConfigurationReference = 78C307527C1DD75BC313D4C7 /* Pods-WSBoyChat.release.xcconfig */;
			buildSettings = {
				ASSETCATALOG_COMPILER_APPICON_NAME = AppIcon;
				CODE_SIGN_STYLE = Automatic;
				INFOPLIST_FILE = WSBoyChat/Info.plist;
				LD_RUNPATH_SEARCH_PATHS = (
					"$(inherited)",
					"@executable_path/Frameworks",
				);
				PRODUCT_BUNDLE_IDENTIFIER = zhichang.he.WSBoyChat;
				PRODUCT_NAME = "$(TARGET_NAME)";
				SWIFT_VERSION = 5.0;
				TARGETED_DEVICE_FAMILY = "1,2";
			};
			name = Release;
		};
		BA55BBDA24D1D3BC00FF3ADD /* Debug */ = {
			isa = XCBuildConfiguration;
			baseConfigurationReference = 796878AD40038EFB289E8051 /* Pods-WSBoyChatTests.debug.xcconfig */;
			buildSettings = {
				ALWAYS_EMBED_SWIFT_STANDARD_LIBRARIES = YES;
				BUNDLE_LOADER = "$(TEST_HOST)";
				CODE_SIGN_STYLE = Automatic;
				INFOPLIST_FILE = WSBoyChatTests/Info.plist;
				LD_RUNPATH_SEARCH_PATHS = (
					"$(inherited)",
					"@executable_path/Frameworks",
					"@loader_path/Frameworks",
				);
				PRODUCT_BUNDLE_IDENTIFIER = zhichang.he.WSBoyChatTests;
				PRODUCT_NAME = "$(TARGET_NAME)";
				SWIFT_VERSION = 5.0;
				TARGETED_DEVICE_FAMILY = "1,2";
				TEST_HOST = "$(BUILT_PRODUCTS_DIR)/WSBoyChat.app/WSBoyChat";
			};
			name = Debug;
		};
		BA55BBDB24D1D3BC00FF3ADD /* Release */ = {
			isa = XCBuildConfiguration;
			baseConfigurationReference = 0A4AFBB9995EA71B6E94003F /* Pods-WSBoyChatTests.release.xcconfig */;
			buildSettings = {
				ALWAYS_EMBED_SWIFT_STANDARD_LIBRARIES = YES;
				BUNDLE_LOADER = "$(TEST_HOST)";
				CODE_SIGN_STYLE = Automatic;
				INFOPLIST_FILE = WSBoyChatTests/Info.plist;
				LD_RUNPATH_SEARCH_PATHS = (
					"$(inherited)",
					"@executable_path/Frameworks",
					"@loader_path/Frameworks",
				);
				PRODUCT_BUNDLE_IDENTIFIER = zhichang.he.WSBoyChatTests;
				PRODUCT_NAME = "$(TARGET_NAME)";
				SWIFT_VERSION = 5.0;
				TARGETED_DEVICE_FAMILY = "1,2";
				TEST_HOST = "$(BUILT_PRODUCTS_DIR)/WSBoyChat.app/WSBoyChat";
			};
			name = Release;
		};
		BA55BBDD24D1D3BC00FF3ADD /* Debug */ = {
			isa = XCBuildConfiguration;
			baseConfigurationReference = C1478BF06E7FA1B2AEEA41F8 /* Pods-WSBoyChat-WSBoyChatUITests.debug.xcconfig */;
			buildSettings = {
				ALWAYS_EMBED_SWIFT_STANDARD_LIBRARIES = YES;
				CODE_SIGN_STYLE = Automatic;
				INFOPLIST_FILE = WSBoyChatUITests/Info.plist;
				LD_RUNPATH_SEARCH_PATHS = (
					"$(inherited)",
					"@executable_path/Frameworks",
					"@loader_path/Frameworks",
				);
				PRODUCT_BUNDLE_IDENTIFIER = zhichang.he.WSBoyChatUITests;
				PRODUCT_NAME = "$(TARGET_NAME)";
				SWIFT_VERSION = 5.0;
				TARGETED_DEVICE_FAMILY = "1,2";
				TEST_TARGET_NAME = WSBoyChat;
			};
			name = Debug;
		};
		BA55BBDE24D1D3BC00FF3ADD /* Release */ = {
			isa = XCBuildConfiguration;
			baseConfigurationReference = 90C8C8CBC440987B16661A3D /* Pods-WSBoyChat-WSBoyChatUITests.release.xcconfig */;
			buildSettings = {
				ALWAYS_EMBED_SWIFT_STANDARD_LIBRARIES = YES;
				CODE_SIGN_STYLE = Automatic;
				INFOPLIST_FILE = WSBoyChatUITests/Info.plist;
				LD_RUNPATH_SEARCH_PATHS = (
					"$(inherited)",
					"@executable_path/Frameworks",
					"@loader_path/Frameworks",
				);
				PRODUCT_BUNDLE_IDENTIFIER = zhichang.he.WSBoyChatUITests;
				PRODUCT_NAME = "$(TARGET_NAME)";
				SWIFT_VERSION = 5.0;
				TARGETED_DEVICE_FAMILY = "1,2";
				TEST_TARGET_NAME = WSBoyChat;
			};
			name = Release;
		};
/* End XCBuildConfiguration section */

/* Begin XCConfigurationList section */
		BA55BBA924D1D3BB00FF3ADD /* Build configuration list for PBXProject "WSBoyChat" */ = {
			isa = XCConfigurationList;
			buildConfigurations = (
				BA55BBD424D1D3BC00FF3ADD /* Debug */,
				BA55BBD524D1D3BC00FF3ADD /* Release */,
			);
			defaultConfigurationIsVisible = 0;
			defaultConfigurationName = Release;
		};
		BA55BBD624D1D3BC00FF3ADD /* Build configuration list for PBXNativeTarget "WSBoyChat" */ = {
			isa = XCConfigurationList;
			buildConfigurations = (
				BA55BBD724D1D3BC00FF3ADD /* Debug */,
				BA55BBD824D1D3BC00FF3ADD /* Release */,
			);
			defaultConfigurationIsVisible = 0;
			defaultConfigurationName = Release;
		};
		BA55BBD924D1D3BC00FF3ADD /* Build configuration list for PBXNativeTarget "WSBoyChatTests" */ = {
			isa = XCConfigurationList;
			buildConfigurations = (
				BA55BBDA24D1D3BC00FF3ADD /* Debug */,
				BA55BBDB24D1D3BC00FF3ADD /* Release */,
			);
			defaultConfigurationIsVisible = 0;
			defaultConfigurationName = Release;
		};
		BA55BBDC24D1D3BC00FF3ADD /* Build configuration list for PBXNativeTarget "WSBoyChatUITests" */ = {
			isa = XCConfigurationList;
			buildConfigurations = (
				BA55BBDD24D1D3BC00FF3ADD /* Debug */,
				BA55BBDE24D1D3BC00FF3ADD /* Release */,
			);
			defaultConfigurationIsVisible = 0;
			defaultConfigurationName = Release;
		};
/* End XCConfigurationList section */
	};
	rootObject = BA55BBA624D1D3BB00FF3ADD /* Project object */;
}
